// !$*UTF8*$!
{
	archiveVersion = 1;
	classes = {
	};
	objectVersion = 46;
	objects = {

/* Begin PBXBuildFile section */
		35D4F084544C46C2BE466AC9 /* libPods.a in Frameworks */ = {isa = PBXBuildFile; fileRef = 1FB35A88ACFB41A99F3E3EC4 /* libPods.a */; };
		702ACBC218F756760001C9D7 /* EUCCloudViewController.m in Sources */ = {isa = PBXBuildFile; fileRef = 702ACBC018F756760001C9D7 /* EUCCloudViewController.m */; };
		702ACBC318F756760001C9D7 /* EUCCloudViewController.xib in Resources */ = {isa = PBXBuildFile; fileRef = 702ACBC118F756760001C9D7 /* EUCCloudViewController.xib */; };
		7080F7B718F743210087A66F /* EUCLabelViewController.m in Sources */ = {isa = PBXBuildFile; fileRef = 7080F7AA18F743210087A66F /* EUCLabelViewController.m */; };
		7080F7B818F743210087A66F /* EUCLabelViewController.xib in Resources */ = {isa = PBXBuildFile; fileRef = 7080F7AB18F743210087A66F /* EUCLabelViewController.xib */; };
		7080F7B918F743210087A66F /* PhotoTag.m in Sources */ = {isa = PBXBuildFile; fileRef = 7080F7AD18F743210087A66F /* PhotoTag.m */; };
		7080F7BA18F743210087A66F /* TagList.m in Sources */ = {isa = PBXBuildFile; fileRef = 7080F7AF18F743210087A66F /* TagList.m */; };
		7080F7BB18F743210087A66F /* TagView.m in Sources */ = {isa = PBXBuildFile; fileRef = 7080F7B118F743210087A66F /* TagView.m */; };
		7080F7BC18F743210087A66F /* TimelineItemSubView.m in Sources */ = {isa = PBXBuildFile; fileRef = 7080F7B318F743210087A66F /* TimelineItemSubView.m */; };
		7080F7BD18F743210087A66F /* TimelineItemView.xib in Resources */ = {isa = PBXBuildFile; fileRef = 7080F7B418F743210087A66F /* TimelineItemView.xib */; };
		7080F7BE18F743210087A66F /* TimelineView.m in Sources */ = {isa = PBXBuildFile; fileRef = 7080F7B618F743210087A66F /* TimelineView.m */; };
		7080F7C118F743560087A66F /* sample.jpg in Resources */ = {isa = PBXBuildFile; fileRef = 7080F7BF18F743560087A66F /* sample.jpg */; };
		7080F7C218F743560087A66F /* sample2.jpg in Resources */ = {isa = PBXBuildFile; fileRef = 7080F7C018F743560087A66F /* sample2.jpg */; };
		7080F7C518F7438C0087A66F /* note.png in Resources */ = {isa = PBXBuildFile; fileRef = 7080F7C318F7438C0087A66F /* note.png */; };
		7080F7C618F7438C0087A66F /* note@2x.png in Resources */ = {isa = PBXBuildFile; fileRef = 7080F7C418F7438C0087A66F /* note@2x.png */; };
		7080F7CB18F7439B0087A66F /* webview-back.png in Resources */ = {isa = PBXBuildFile; fileRef = 7080F7C718F7439B0087A66F /* webview-back.png */; };
		7080F7CC18F7439B0087A66F /* webview-back@2x.png in Resources */ = {isa = PBXBuildFile; fileRef = 7080F7C818F7439B0087A66F /* webview-back@2x.png */; };
		7080F7CD18F7439B0087A66F /* webview-forward.png in Resources */ = {isa = PBXBuildFile; fileRef = 7080F7C918F7439B0087A66F /* webview-forward.png */; };
		7080F7CE18F7439B0087A66F /* webview-forward@2x.png in Resources */ = {isa = PBXBuildFile; fileRef = 7080F7CA18F7439B0087A66F /* webview-forward@2x.png */; };
		7080F7DA18F746F60087A66F /* PopoverErrorContentViewController.m in Sources */ = {isa = PBXBuildFile; fileRef = 7080F7D518F746F60087A66F /* PopoverErrorContentViewController.m */; };
		7080F7DB18F746F60087A66F /* PopoverErrorContentViewController.xib in Resources */ = {isa = PBXBuildFile; fileRef = 7080F7D618F746F60087A66F /* PopoverErrorContentViewController.xib */; };
		7080F7DC18F746F60087A66F /* PopoverTagContentViewController.m in Sources */ = {isa = PBXBuildFile; fileRef = 7080F7D818F746F60087A66F /* PopoverTagContentViewController.m */; };
		7080F7DD18F746F60087A66F /* PopoverTagContentViewController.xib in Resources */ = {isa = PBXBuildFile; fileRef = 7080F7D918F746F60087A66F /* PopoverTagContentViewController.xib */; };
		7080F7E118F747620087A66F /* EUCNotesViewController.m in Sources */ = {isa = PBXBuildFile; fileRef = 7080F7DF18F747620087A66F /* EUCNotesViewController.m */; };
		7080F7E218F747620087A66F /* EUCNotesViewController.xib in Resources */ = {isa = PBXBuildFile; fileRef = 7080F7E018F747620087A66F /* EUCNotesViewController.xib */; };
		B4116D9918F3A01400AAA7AC /* EUCTabBarViewControllerDelegate.m in Sources */ = {isa = PBXBuildFile; fileRef = B4116D9818F3A01400AAA7AC /* EUCTabBarViewControllerDelegate.m */; };
		B43658D518E4B95F0017672E /* EUCImage.m in Sources */ = {isa = PBXBuildFile; fileRef = B43658D418E4B95F0017672E /* EUCImage.m */; };
		B43658D818E4B9A30017672E /* EUCBurst.m in Sources */ = {isa = PBXBuildFile; fileRef = B43658D718E4B9A30017672E /* EUCBurst.m */; };
		B43658DB18E4E4200017672E /* EUCDeploymentImageCell.m in Sources */ = {isa = PBXBuildFile; fileRef = B43658DA18E4E4200017672E /* EUCDeploymentImageCell.m */; };
		B43658DD18E4E43B0017672E /* EUCDeploymentImageCell.xib in Resources */ = {isa = PBXBuildFile; fileRef = B43658DC18E4E43B0017672E /* EUCDeploymentImageCell.xib */; };
		B43658E018E5213F0017672E /* EUCImageUtilities.m in Sources */ = {isa = PBXBuildFile; fileRef = B43658DF18E5213F0017672E /* EUCImageUtilities.m */; };
		B43658E418E5356B0017672E /* EUCDeploymentImage.m in Sources */ = {isa = PBXBuildFile; fileRef = B43658E318E5356B0017672E /* EUCDeploymentImage.m */; };
		B43658E818E542480017672E /* EUCImageDisplayViewController.m in Sources */ = {isa = PBXBuildFile; fileRef = B43658E618E542480017672E /* EUCImageDisplayViewController.m */; };
		B43658E918E542480017672E /* EUCImageDisplayViewController.xib in Resources */ = {isa = PBXBuildFile; fileRef = B43658E718E542480017672E /* EUCImageDisplayViewController.xib */; };
		B43658EE18F18BF10017672E /* NSString+EUCStringExtensions.m in Sources */ = {isa = PBXBuildFile; fileRef = B43658ED18F18BF10017672E /* NSString+EUCStringExtensions.m */; };
		B43658F718F1B9000017672E /* EUCDatePickerViewController.m in Sources */ = {isa = PBXBuildFile; fileRef = B43658F418F1B9000017672E /* EUCDatePickerViewController.m */; };
		B43658F818F1B9000017672E /* EUCDatePickerViewController.xib in Resources */ = {isa = PBXBuildFile; fileRef = B43658F618F1B9000017672E /* EUCDatePickerViewController.xib */; };
		B4D1EC3118BD729300E01EFE /* Foundation.framework in Frameworks */ = {isa = PBXBuildFile; fileRef = B4D1EC3018BD729300E01EFE /* Foundation.framework */; };
		B4D1EC3318BD729300E01EFE /* CoreGraphics.framework in Frameworks */ = {isa = PBXBuildFile; fileRef = B4D1EC3218BD729300E01EFE /* CoreGraphics.framework */; };
		B4D1EC3518BD729300E01EFE /* UIKit.framework in Frameworks */ = {isa = PBXBuildFile; fileRef = B4D1EC3418BD729300E01EFE /* UIKit.framework */; };
		B4D1EC3B18BD729300E01EFE /* InfoPlist.strings in Resources */ = {isa = PBXBuildFile; fileRef = B4D1EC3918BD729300E01EFE /* InfoPlist.strings */; };
		B4D1EC3D18BD729300E01EFE /* main.m in Sources */ = {isa = PBXBuildFile; fileRef = B4D1EC3C18BD729300E01EFE /* main.m */; };
		B4D1EC4118BD729300E01EFE /* EUCAppDelegate.m in Sources */ = {isa = PBXBuildFile; fileRef = B4D1EC4018BD729300E01EFE /* EUCAppDelegate.m */; };
		B4D1EC4318BD729300E01EFE /* Images.xcassets in Resources */ = {isa = PBXBuildFile; fileRef = B4D1EC4218BD729300E01EFE /* Images.xcassets */; };
		B4D1EC4A18BD729300E01EFE /* XCTest.framework in Frameworks */ = {isa = PBXBuildFile; fileRef = B4D1EC4918BD729300E01EFE /* XCTest.framework */; };
		B4D1EC4B18BD729300E01EFE /* Foundation.framework in Frameworks */ = {isa = PBXBuildFile; fileRef = B4D1EC3018BD729300E01EFE /* Foundation.framework */; };
		B4D1EC4C18BD729300E01EFE /* UIKit.framework in Frameworks */ = {isa = PBXBuildFile; fileRef = B4D1EC3418BD729300E01EFE /* UIKit.framework */; };
		B4D1EC5418BD729300E01EFE /* InfoPlist.strings in Resources */ = {isa = PBXBuildFile; fileRef = B4D1EC5218BD729300E01EFE /* InfoPlist.strings */; };
		B4D1EC5618BD729300E01EFE /* TrapEaseTests.m in Sources */ = {isa = PBXBuildFile; fileRef = B4D1EC5518BD729300E01EFE /* TrapEaseTests.m */; };
		B4E6BD5718DDBB5600AC9D84 /* EUCFileSystem.m in Sources */ = {isa = PBXBuildFile; fileRef = B4E6BD5618DDBB5600AC9D84 /* EUCFileSystem.m */; };
		B4E6BD5A18DDC26000AC9D84 /* EUCHomeViewController.m in Sources */ = {isa = PBXBuildFile; fileRef = B4E6BD5918DDC26000AC9D84 /* EUCHomeViewController.m */; };
		B4E6BD6318DDC30C00AC9D84 /* EUCImportViewController.m in Sources */ = {isa = PBXBuildFile; fileRef = B4E6BD6118DDC30C00AC9D84 /* EUCImportViewController.m */; };
		B4E6BD6418DDC30C00AC9D84 /* EUCImportViewController.xib in Resources */ = {isa = PBXBuildFile; fileRef = B4E6BD6218DDC30C00AC9D84 /* EUCImportViewController.xib */; };
		B4E6BD6818DDC33C00AC9D84 /* EUCFilterViewController.m in Sources */ = {isa = PBXBuildFile; fileRef = B4E6BD6618DDC33C00AC9D84 /* EUCFilterViewController.m */; };
		B4E6BD6918DDC33C00AC9D84 /* EUCFilterViewController.xib in Resources */ = {isa = PBXBuildFile; fileRef = B4E6BD6718DDC33C00AC9D84 /* EUCFilterViewController.xib */; };
		B4E6BD7518DDC39300AC9D84 /* EUCAnalyzeViewController.m in Sources */ = {isa = PBXBuildFile; fileRef = B4E6BD7318DDC39300AC9D84 /* EUCAnalyzeViewController.m */; };
		B4E6BD7618DDC39300AC9D84 /* EUCAnalyzeViewController.xib in Resources */ = {isa = PBXBuildFile; fileRef = B4E6BD7418DDC39300AC9D84 /* EUCAnalyzeViewController.xib */; };
		B4E6BD8718DDC82600AC9D84 /* bar-chart.png in Resources */ = {isa = PBXBuildFile; fileRef = B4E6BD7918DDC82600AC9D84 /* bar-chart.png */; };
		B4E6BD8818DDC82600AC9D84 /* bar-chart@2x.png in Resources */ = {isa = PBXBuildFile; fileRef = B4E6BD7A18DDC82600AC9D84 /* bar-chart@2x.png */; };
		B4E6BD8918DDC82600AC9D84 /* download.png in Resources */ = {isa = PBXBuildFile; fileRef = B4E6BD7B18DDC82600AC9D84 /* download.png */; };
		B4E6BD8A18DDC82600AC9D84 /* download@2x.png in Resources */ = {isa = PBXBuildFile; fileRef = B4E6BD7C18DDC82600AC9D84 /* download@2x.png */; };
		B4E6BD8B18DDC82600AC9D84 /* filter.png in Resources */ = {isa = PBXBuildFile; fileRef = B4E6BD7D18DDC82600AC9D84 /* filter.png */; };
		B4E6BD8C18DDC82600AC9D84 /* filter@2x.png in Resources */ = {isa = PBXBuildFile; fileRef = B4E6BD7E18DDC82600AC9D84 /* filter@2x.png */; };
		B4E6BD8D18DDC82600AC9D84 /* line-chart.png in Resources */ = {isa = PBXBuildFile; fileRef = B4E6BD7F18DDC82600AC9D84 /* line-chart.png */; };
		B4E6BD8E18DDC82600AC9D84 /* line-chart@2x.png in Resources */ = {isa = PBXBuildFile; fileRef = B4E6BD8018DDC82600AC9D84 /* line-chart@2x.png */; };
		B4E6BD8F18DDC82600AC9D84 /* share.png in Resources */ = {isa = PBXBuildFile; fileRef = B4E6BD8118DDC82600AC9D84 /* share.png */; };
		B4E6BD9018DDC82600AC9D84 /* share@2x.png in Resources */ = {isa = PBXBuildFile; fileRef = B4E6BD8218DDC82600AC9D84 /* share@2x.png */; };
		B4E6BD9118DDC82600AC9D84 /* tag.png in Resources */ = {isa = PBXBuildFile; fileRef = B4E6BD8318DDC82600AC9D84 /* tag.png */; };
		B4E6BD9218DDC82600AC9D84 /* tag@2x.png in Resources */ = {isa = PBXBuildFile; fileRef = B4E6BD8418DDC82600AC9D84 /* tag@2x.png */; };
		B4E6BD9318DDC82600AC9D84 /* trash.png in Resources */ = {isa = PBXBuildFile; fileRef = B4E6BD8518DDC82600AC9D84 /* trash.png */; };
		B4E6BD9418DDC82600AC9D84 /* trash@2x.png in Resources */ = {isa = PBXBuildFile; fileRef = B4E6BD8618DDC82600AC9D84 /* trash@2x.png */; };
		B4E6BE0B18DDFD3400AC9D84 /* EUCUploadViewController.m in Sources */ = {isa = PBXBuildFile; fileRef = B4E6BE0918DDFD3400AC9D84 /* EUCUploadViewController.m */; };
		B4E6BE0C18DDFD3400AC9D84 /* EUCUploadViewController.xib in Resources */ = {isa = PBXBuildFile; fileRef = B4E6BE0A18DDFD3400AC9D84 /* EUCUploadViewController.xib */; };
		B4E6BE0F18DDFF2F00AC9D84 /* upload.png in Resources */ = {isa = PBXBuildFile; fileRef = B4E6BE0D18DDFF2F00AC9D84 /* upload.png */; };
		B4E6BE1018DDFF2F00AC9D84 /* upload@2x.png in Resources */ = {isa = PBXBuildFile; fileRef = B4E6BE0E18DDFF2F00AC9D84 /* upload@2x.png */; };
		B4E6BE1318DE005500AC9D84 /* hiking.png in Resources */ = {isa = PBXBuildFile; fileRef = B4E6BE1118DE005500AC9D84 /* hiking.png */; };
		B4E6BE1418DE005500AC9D84 /* hiking@2x.png in Resources */ = {isa = PBXBuildFile; fileRef = B4E6BE1218DE005500AC9D84 /* hiking@2x.png */; };
		B4E6BE1818DE008000AC9D84 /* EUCKnapsackViewController.m in Sources */ = {isa = PBXBuildFile; fileRef = B4E6BE1618DE008000AC9D84 /* EUCKnapsackViewController.m */; };
		B4E6BE1918DE008000AC9D84 /* EUCKnapsackViewController.xib in Resources */ = {isa = PBXBuildFile; fileRef = B4E6BE1718DE008000AC9D84 /* EUCKnapsackViewController.xib */; };
		B4E6BE1E18DE3EB400AC9D84 /* cloud.png in Resources */ = {isa = PBXBuildFile; fileRef = B4E6BE1A18DE3EB400AC9D84 /* cloud.png */; };
		B4E6BE1F18DE3EB400AC9D84 /* cloud@2x.png in Resources */ = {isa = PBXBuildFile; fileRef = B4E6BE1B18DE3EB400AC9D84 /* cloud@2x.png */; };
		B4E6BE2018DE3EB400AC9D84 /* gear.png in Resources */ = {isa = PBXBuildFile; fileRef = B4E6BE1C18DE3EB400AC9D84 /* gear.png */; };
		B4E6BE2118DE3EB400AC9D84 /* gear@2x.png in Resources */ = {isa = PBXBuildFile; fileRef = B4E6BE1D18DE3EB400AC9D84 /* gear@2x.png */; };
		B4E6BE2A18DE3EE200AC9D84 /* EUCSettingsViewController.m in Sources */ = {isa = PBXBuildFile; fileRef = B4E6BE2818DE3EE200AC9D84 /* EUCSettingsViewController.m */; };
		B4E6BE2B18DE3EE200AC9D84 /* EUCSettingsViewController.xib in Resources */ = {isa = PBXBuildFile; fileRef = B4E6BE2918DE3EE200AC9D84 /* EUCSettingsViewController.xib */; };
		B4E6BE3018DE44B900AC9D84 /* EUCImportCell.m in Sources */ = {isa = PBXBuildFile; fileRef = B4E6BE2F18DE44B900AC9D84 /* EUCImportCell.m */; };
		B4E6BE3218DE44D900AC9D84 /* EUCImportCell.xib in Resources */ = {isa = PBXBuildFile; fileRef = B4E6BE3118DE44D900AC9D84 /* EUCImportCell.xib */; };
		B4E6BE3718DE4CD200AC9D84 /* AssetsLibrary.framework in Frameworks */ = {isa = PBXBuildFile; fileRef = B4E6BE3318DE4CD100AC9D84 /* AssetsLibrary.framework */; };
		B4E6BE3818DE4CD200AC9D84 /* AVFoundation.framework in Frameworks */ = {isa = PBXBuildFile; fileRef = B4E6BE3418DE4CD100AC9D84 /* AVFoundation.framework */; };
		B4E6BE3918DE4CD200AC9D84 /* CoreImage.framework in Frameworks */ = {isa = PBXBuildFile; fileRef = B4E6BE3518DE4CD200AC9D84 /* CoreImage.framework */; };
		B4E6BE3A18DE4CD200AC9D84 /* QuartzCore.framework in Frameworks */ = {isa = PBXBuildFile; fileRef = B4E6BE3618DE4CD200AC9D84 /* QuartzCore.framework */; };
		B4E6BE3F18DE9EBC00AC9D84 /* UIImage+ImageEffects.m in Sources */ = {isa = PBXBuildFile; fileRef = B4E6BE3E18DE9EBC00AC9D84 /* UIImage+ImageEffects.m */; };
		B4E6BE4318DEA37C00AC9D84 /* EUCSelectViewController.m in Sources */ = {isa = PBXBuildFile; fileRef = B4E6BE4118DEA37C00AC9D84 /* EUCSelectViewController.m */; };
		B4E6BE4418DEA37C00AC9D84 /* EUCSelectViewController.xib in Resources */ = {isa = PBXBuildFile; fileRef = B4E6BE4218DEA37C00AC9D84 /* EUCSelectViewController.xib */; };
		B4E6BE4718DEA5BB00AC9D84 /* EUCSelectCell.m in Sources */ = {isa = PBXBuildFile; fileRef = B4E6BE4618DEA5BB00AC9D84 /* EUCSelectCell.m */; };
		B4E6BE4918DEA5E700AC9D84 /* EUCSelectCell.xib in Resources */ = {isa = PBXBuildFile; fileRef = B4E6BE4818DEA5E700AC9D84 /* EUCSelectCell.xib */; };
		B4E6BE4E18DEA6DE00AC9D84 /* thumbs-down.png in Resources */ = {isa = PBXBuildFile; fileRef = B4E6BE4A18DEA6DE00AC9D84 /* thumbs-down.png */; };
		B4E6BE4F18DEA6DE00AC9D84 /* thumbs-down@2x.png in Resources */ = {isa = PBXBuildFile; fileRef = B4E6BE4B18DEA6DE00AC9D84 /* thumbs-down@2x.png */; };
		B4E6BE5018DEA6DE00AC9D84 /* thumbs-up.png in Resources */ = {isa = PBXBuildFile; fileRef = B4E6BE4C18DEA6DE00AC9D84 /* thumbs-up.png */; };
		B4E6BE5118DEA6DE00AC9D84 /* thumbs-up@2x.png in Resources */ = {isa = PBXBuildFile; fileRef = B4E6BE4D18DEA6DE00AC9D84 /* thumbs-up@2x.png */; };
		B4E6BE5918DF9F6400AC9D84 /* trap.db in Resources */ = {isa = PBXBuildFile; fileRef = B4E6BE5818DF9F6400AC9D84 /* trap.db */; };
		B4E6BE5D18DF9F9800AC9D84 /* EUCDatabase.m in Sources */ = {isa = PBXBuildFile; fileRef = B4E6BE5C18DF9F9800AC9D84 /* EUCDatabase.m */; };
		B4E6BE6118DFB77B00AC9D84 /* EUCNetwork.m in Sources */ = {isa = PBXBuildFile; fileRef = B4E6BE6018DFB77B00AC9D84 /* EUCNetwork.m */; };
		B4E6BE6918DFBE5300AC9D84 /* deployments.png in Resources */ = {isa = PBXBuildFile; fileRef = B4E6BE6718DFBE5300AC9D84 /* deployments.png */; };
		B4E6BE6A18DFBE5300AC9D84 /* deployments@2x.png in Resources */ = {isa = PBXBuildFile; fileRef = B4E6BE6818DFBE5300AC9D84 /* deployments@2x.png */; };
		B4E6BE7418DFC51300AC9D84 /* EUCDeploymentCell.m in Sources */ = {isa = PBXBuildFile; fileRef = B4E6BE7318DFC51300AC9D84 /* EUCDeploymentCell.m */; };
		B4E6BE7818DFD0DD00AC9D84 /* EUCDeploymentSplitViewController.m in Sources */ = {isa = PBXBuildFile; fileRef = B4E6BE7618DFD0DD00AC9D84 /* EUCDeploymentSplitViewController.m */; };
		B4E6BE8218DFD47700AC9D84 /* EUCDeploymentMasterViewController.m in Sources */ = {isa = PBXBuildFile; fileRef = B4E6BE8018DFD47700AC9D84 /* EUCDeploymentMasterViewController.m */; };
		B4E6BE8318DFD47700AC9D84 /* EUCDeploymentMasterViewController.xib in Resources */ = {isa = PBXBuildFile; fileRef = B4E6BE8118DFD47700AC9D84 /* EUCDeploymentMasterViewController.xib */; };
		B4E6BE8518DFDB5B00AC9D84 /* EUCDeploymentMasterCell.xib in Resources */ = {isa = PBXBuildFile; fileRef = B4E6BE8418DFDB5B00AC9D84 /* EUCDeploymentMasterCell.xib */; };
		B4E6BE8918E0729900AC9D84 /* EUCDeploymentDetailViewController.m in Sources */ = {isa = PBXBuildFile; fileRef = B4E6BE8718E0729900AC9D84 /* EUCDeploymentDetailViewController.m */; };
		B4E6BE8A18E0729900AC9D84 /* EUCDeploymentDetailViewController.xib in Resources */ = {isa = PBXBuildFile; fileRef = B4E6BE8818E0729900AC9D84 /* EUCDeploymentDetailViewController.xib */; };
		B4E6BE9318E13C5800AC9D84 /* thumbs-up-selected.png in Resources */ = {isa = PBXBuildFile; fileRef = B4E6BE8B18E13C5800AC9D84 /* thumbs-up-selected.png */; };
		B4E6BE9418E13C5800AC9D84 /* thumbs-up-selected@2x.png in Resources */ = {isa = PBXBuildFile; fileRef = B4E6BE8C18E13C5800AC9D84 /* thumbs-up-selected@2x.png */; };
		B4E6BE9518E13C5800AC9D84 /* camera.png in Resources */ = {isa = PBXBuildFile; fileRef = B4E6BE8D18E13C5800AC9D84 /* camera.png */; };
		B4E6BE9618E13C5800AC9D84 /* camera@2x.png in Resources */ = {isa = PBXBuildFile; fileRef = B4E6BE8E18E13C5800AC9D84 /* camera@2x.png */; };
		B4E6BE9718E13C5800AC9D84 /* photo.png in Resources */ = {isa = PBXBuildFile; fileRef = B4E6BE8F18E13C5800AC9D84 /* photo.png */; };
		B4E6BE9818E13C5800AC9D84 /* photo@2x.png in Resources */ = {isa = PBXBuildFile; fileRef = B4E6BE9018E13C5800AC9D84 /* photo@2x.png */; };
		B4E6BE9918E13C5800AC9D84 /* users.png in Resources */ = {isa = PBXBuildFile; fileRef = B4E6BE9118E13C5800AC9D84 /* users.png */; };
		B4E6BE9A18E13C5800AC9D84 /* users@2x.png in Resources */ = {isa = PBXBuildFile; fileRef = B4E6BE9218E13C5800AC9D84 /* users@2x.png */; };
		B4E6BE9F18E23BA500AC9D84 /* EUCUserViewController.m in Sources */ = {isa = PBXBuildFile; fileRef = B4E6BE9D18E23BA500AC9D84 /* EUCUserViewController.m */; };
		B4E6BEA018E23BA500AC9D84 /* EUCUserViewController.xib in Resources */ = {isa = PBXBuildFile; fileRef = B4E6BE9E18E23BA500AC9D84 /* EUCUserViewController.xib */; };
		B4E6BEA418E23D8200AC9D84 /* EUCConnectingViewController.m in Sources */ = {isa = PBXBuildFile; fileRef = B4E6BEA218E23D8200AC9D84 /* EUCConnectingViewController.m */; };
		B4E6BEA518E23D8200AC9D84 /* EUCConnectingViewController.xib in Resources */ = {isa = PBXBuildFile; fileRef = B4E6BEA318E23D8200AC9D84 /* EUCConnectingViewController.xib */; };
		B4F6930F18F75872000C7AD0 /* EUCSelectedSet.m in Sources */ = {isa = PBXBuildFile; fileRef = B4F6930E18F75872000C7AD0 /* EUCSelectedSet.m */; };
/* End PBXBuildFile section */

/* Begin PBXContainerItemProxy section */
		B4D1EC4D18BD729300E01EFE /* PBXContainerItemProxy */ = {
			isa = PBXContainerItemProxy;
			containerPortal = B4D1EC2518BD729300E01EFE /* Project object */;
			proxyType = 1;
			remoteGlobalIDString = B4D1EC2C18BD729300E01EFE;
			remoteInfo = TrapEase;
		};
/* End PBXContainerItemProxy section */

/* Begin PBXFileReference section */
		1FB35A88ACFB41A99F3E3EC4 /* libPods.a */ = {isa = PBXFileReference; explicitFileType = archive.ar; includeInIndex = 0; path = libPods.a; sourceTree = BUILT_PRODUCTS_DIR; };
		30CB9A6B881342BDB4DEA63F /* Pods.xcconfig */ = {isa = PBXFileReference; includeInIndex = 1; lastKnownFileType = text.xcconfig; name = Pods.xcconfig; path = Pods/Pods.xcconfig; sourceTree = "<group>"; };
		702ACBBF18F756760001C9D7 /* EUCCloudViewController.h */ = {isa = PBXFileReference; fileEncoding = 4; lastKnownFileType = sourcecode.c.h; path = EUCCloudViewController.h; sourceTree = "<group>"; };
		702ACBC018F756760001C9D7 /* EUCCloudViewController.m */ = {isa = PBXFileReference; fileEncoding = 4; lastKnownFileType = sourcecode.c.objc; path = EUCCloudViewController.m; sourceTree = "<group>"; };
		702ACBC118F756760001C9D7 /* EUCCloudViewController.xib */ = {isa = PBXFileReference; fileEncoding = 4; lastKnownFileType = file.xib; path = EUCCloudViewController.xib; sourceTree = "<group>"; };
		7080F7A918F743210087A66F /* EUCLabelViewController.h */ = {isa = PBXFileReference; fileEncoding = 4; lastKnownFileType = sourcecode.c.h; path = EUCLabelViewController.h; sourceTree = "<group>"; };
		7080F7AA18F743210087A66F /* EUCLabelViewController.m */ = {isa = PBXFileReference; fileEncoding = 4; lastKnownFileType = sourcecode.c.objc; path = EUCLabelViewController.m; sourceTree = "<group>"; };
		7080F7AB18F743210087A66F /* EUCLabelViewController.xib */ = {isa = PBXFileReference; fileEncoding = 4; lastKnownFileType = file.xib; path = EUCLabelViewController.xib; sourceTree = "<group>"; };
		7080F7AC18F743210087A66F /* PhotoTag.h */ = {isa = PBXFileReference; fileEncoding = 4; lastKnownFileType = sourcecode.c.h; path = PhotoTag.h; sourceTree = "<group>"; };
		7080F7AD18F743210087A66F /* PhotoTag.m */ = {isa = PBXFileReference; fileEncoding = 4; lastKnownFileType = sourcecode.c.objc; path = PhotoTag.m; sourceTree = "<group>"; };
		7080F7AE18F743210087A66F /* TagList.h */ = {isa = PBXFileReference; fileEncoding = 4; lastKnownFileType = sourcecode.c.h; path = TagList.h; sourceTree = "<group>"; };
		7080F7AF18F743210087A66F /* TagList.m */ = {isa = PBXFileReference; fileEncoding = 4; lastKnownFileType = sourcecode.c.objc; path = TagList.m; sourceTree = "<group>"; };
		7080F7B018F743210087A66F /* TagView.h */ = {isa = PBXFileReference; fileEncoding = 4; lastKnownFileType = sourcecode.c.h; path = TagView.h; sourceTree = "<group>"; };
		7080F7B118F743210087A66F /* TagView.m */ = {isa = PBXFileReference; fileEncoding = 4; lastKnownFileType = sourcecode.c.objc; path = TagView.m; sourceTree = "<group>"; };
		7080F7B218F743210087A66F /* TimelineItemSubView.h */ = {isa = PBXFileReference; fileEncoding = 4; lastKnownFileType = sourcecode.c.h; path = TimelineItemSubView.h; sourceTree = "<group>"; };
		7080F7B318F743210087A66F /* TimelineItemSubView.m */ = {isa = PBXFileReference; fileEncoding = 4; lastKnownFileType = sourcecode.c.objc; path = TimelineItemSubView.m; sourceTree = "<group>"; };
		7080F7B418F743210087A66F /* TimelineItemView.xib */ = {isa = PBXFileReference; fileEncoding = 4; lastKnownFileType = file.xib; path = TimelineItemView.xib; sourceTree = "<group>"; };
		7080F7B518F743210087A66F /* TimelineView.h */ = {isa = PBXFileReference; fileEncoding = 4; lastKnownFileType = sourcecode.c.h; path = TimelineView.h; sourceTree = "<group>"; };
		7080F7B618F743210087A66F /* TimelineView.m */ = {isa = PBXFileReference; fileEncoding = 4; lastKnownFileType = sourcecode.c.objc; path = TimelineView.m; sourceTree = "<group>"; };
		7080F7BF18F743560087A66F /* sample.jpg */ = {isa = PBXFileReference; lastKnownFileType = image.jpeg; path = sample.jpg; sourceTree = "<group>"; };
		7080F7C018F743560087A66F /* sample2.jpg */ = {isa = PBXFileReference; lastKnownFileType = image.jpeg; path = sample2.jpg; sourceTree = "<group>"; };
		7080F7C318F7438C0087A66F /* note.png */ = {isa = PBXFileReference; lastKnownFileType = image.png; path = note.png; sourceTree = "<group>"; };
		7080F7C418F7438C0087A66F /* note@2x.png */ = {isa = PBXFileReference; lastKnownFileType = image.png; path = "note@2x.png"; sourceTree = "<group>"; };
		7080F7C718F7439B0087A66F /* webview-back.png */ = {isa = PBXFileReference; lastKnownFileType = image.png; path = "webview-back.png"; sourceTree = "<group>"; };
		7080F7C818F7439B0087A66F /* webview-back@2x.png */ = {isa = PBXFileReference; lastKnownFileType = image.png; path = "webview-back@2x.png"; sourceTree = "<group>"; };
		7080F7C918F7439B0087A66F /* webview-forward.png */ = {isa = PBXFileReference; lastKnownFileType = image.png; path = "webview-forward.png"; sourceTree = "<group>"; };
		7080F7CA18F7439B0087A66F /* webview-forward@2x.png */ = {isa = PBXFileReference; lastKnownFileType = image.png; path = "webview-forward@2x.png"; sourceTree = "<group>"; };
		7080F7D418F746F60087A66F /* PopoverErrorContentViewController.h */ = {isa = PBXFileReference; fileEncoding = 4; lastKnownFileType = sourcecode.c.h; path = PopoverErrorContentViewController.h; sourceTree = "<group>"; };
		7080F7D518F746F60087A66F /* PopoverErrorContentViewController.m */ = {isa = PBXFileReference; fileEncoding = 4; lastKnownFileType = sourcecode.c.objc; path = PopoverErrorContentViewController.m; sourceTree = "<group>"; };
		7080F7D618F746F60087A66F /* PopoverErrorContentViewController.xib */ = {isa = PBXFileReference; fileEncoding = 4; lastKnownFileType = file.xib; path = PopoverErrorContentViewController.xib; sourceTree = "<group>"; };
		7080F7D718F746F60087A66F /* PopoverTagContentViewController.h */ = {isa = PBXFileReference; fileEncoding = 4; lastKnownFileType = sourcecode.c.h; path = PopoverTagContentViewController.h; sourceTree = "<group>"; };
		7080F7D818F746F60087A66F /* PopoverTagContentViewController.m */ = {isa = PBXFileReference; fileEncoding = 4; lastKnownFileType = sourcecode.c.objc; path = PopoverTagContentViewController.m; sourceTree = "<group>"; };
		7080F7D918F746F60087A66F /* PopoverTagContentViewController.xib */ = {isa = PBXFileReference; fileEncoding = 4; lastKnownFileType = file.xib; path = PopoverTagContentViewController.xib; sourceTree = "<group>"; };
		7080F7DE18F747620087A66F /* EUCNotesViewController.h */ = {isa = PBXFileReference; fileEncoding = 4; lastKnownFileType = sourcecode.c.h; path = EUCNotesViewController.h; sourceTree = "<group>"; };
		7080F7DF18F747620087A66F /* EUCNotesViewController.m */ = {isa = PBXFileReference; fileEncoding = 4; lastKnownFileType = sourcecode.c.objc; path = EUCNotesViewController.m; sourceTree = "<group>"; };
		7080F7E018F747620087A66F /* EUCNotesViewController.xib */ = {isa = PBXFileReference; fileEncoding = 4; lastKnownFileType = file.xib; path = EUCNotesViewController.xib; sourceTree = "<group>"; };
		708FDBCB18F8584500EA5B88 /* UIUpdateDelegate.h */ = {isa = PBXFileReference; fileEncoding = 4; lastKnownFileType = sourcecode.c.h; path = UIUpdateDelegate.h; sourceTree = "<group>"; };
		B4116D9718F3A01400AAA7AC /* EUCTabBarViewControllerDelegate.h */ = {isa = PBXFileReference; fileEncoding = 4; lastKnownFileType = sourcecode.c.h; name = EUCTabBarViewControllerDelegate.h; path = TrapEase/Controllers/EUCTabBarViewControllerDelegate.h; sourceTree = "<group>"; };
		B4116D9818F3A01400AAA7AC /* EUCTabBarViewControllerDelegate.m */ = {isa = PBXFileReference; fileEncoding = 4; lastKnownFileType = sourcecode.c.objc; name = EUCTabBarViewControllerDelegate.m; path = TrapEase/Controllers/EUCTabBarViewControllerDelegate.m; sourceTree = "<group>"; };
		B43658D118E3F19C0017672E /* EUCVisibilityChangedDelegate.h */ = {isa = PBXFileReference; lastKnownFileType = sourcecode.c.h; name = EUCVisibilityChangedDelegate.h; path = TrapEase/Controllers/EUCVisibilityChangedDelegate.h; sourceTree = "<group>"; };
		B43658D318E4B95F0017672E /* EUCImage.h */ = {isa = PBXFileReference; fileEncoding = 4; lastKnownFileType = sourcecode.c.h; name = EUCImage.h; path = Model/EUCImage.h; sourceTree = "<group>"; };
		B43658D418E4B95F0017672E /* EUCImage.m */ = {isa = PBXFileReference; fileEncoding = 4; lastKnownFileType = sourcecode.c.objc; name = EUCImage.m; path = Model/EUCImage.m; sourceTree = "<group>"; };
		B43658D618E4B9A30017672E /* EUCBurst.h */ = {isa = PBXFileReference; fileEncoding = 4; lastKnownFileType = sourcecode.c.h; name = EUCBurst.h; path = Model/EUCBurst.h; sourceTree = "<group>"; };
		B43658D718E4B9A30017672E /* EUCBurst.m */ = {isa = PBXFileReference; fileEncoding = 4; lastKnownFileType = sourcecode.c.objc; name = EUCBurst.m; path = Model/EUCBurst.m; sourceTree = "<group>"; };
		B43658D918E4E4200017672E /* EUCDeploymentImageCell.h */ = {isa = PBXFileReference; fileEncoding = 4; lastKnownFileType = sourcecode.c.h; name = EUCDeploymentImageCell.h; path = Cells/EUCDeploymentImageCell.h; sourceTree = "<group>"; };
		B43658DA18E4E4200017672E /* EUCDeploymentImageCell.m */ = {isa = PBXFileReference; fileEncoding = 4; lastKnownFileType = sourcecode.c.objc; name = EUCDeploymentImageCell.m; path = Cells/EUCDeploymentImageCell.m; sourceTree = "<group>"; };
		B43658DC18E4E43B0017672E /* EUCDeploymentImageCell.xib */ = {isa = PBXFileReference; fileEncoding = 4; lastKnownFileType = file.xib; name = EUCDeploymentImageCell.xib; path = Cells/EUCDeploymentImageCell.xib; sourceTree = "<group>"; };
		B43658DE18E5213F0017672E /* EUCImageUtilities.h */ = {isa = PBXFileReference; fileEncoding = 4; lastKnownFileType = sourcecode.c.h; name = EUCImageUtilities.h; path = Support/EUCImageUtilities.h; sourceTree = "<group>"; };
		B43658DF18E5213F0017672E /* EUCImageUtilities.m */ = {isa = PBXFileReference; fileEncoding = 4; lastKnownFileType = sourcecode.c.objc; name = EUCImageUtilities.m; path = Support/EUCImageUtilities.m; sourceTree = "<group>"; };
		B43658E218E5356B0017672E /* EUCDeploymentImage.h */ = {isa = PBXFileReference; fileEncoding = 4; lastKnownFileType = sourcecode.c.h; name = EUCDeploymentImage.h; path = Model/EUCDeploymentImage.h; sourceTree = "<group>"; };
		B43658E318E5356B0017672E /* EUCDeploymentImage.m */ = {isa = PBXFileReference; fileEncoding = 4; lastKnownFileType = sourcecode.c.objc; name = EUCDeploymentImage.m; path = Model/EUCDeploymentImage.m; sourceTree = "<group>"; };
		B43658E518E542480017672E /* EUCImageDisplayViewController.h */ = {isa = PBXFileReference; fileEncoding = 4; lastKnownFileType = sourcecode.c.h; name = EUCImageDisplayViewController.h; path = TrapEase/Controllers/EUCImageDisplayViewController.h; sourceTree = "<group>"; };
		B43658E618E542480017672E /* EUCImageDisplayViewController.m */ = {isa = PBXFileReference; fileEncoding = 4; lastKnownFileType = sourcecode.c.objc; name = EUCImageDisplayViewController.m; path = TrapEase/Controllers/EUCImageDisplayViewController.m; sourceTree = "<group>"; };
		B43658E718E542480017672E /* EUCImageDisplayViewController.xib */ = {isa = PBXFileReference; fileEncoding = 4; lastKnownFileType = file.xib; name = EUCImageDisplayViewController.xib; path = TrapEase/Controllers/EUCImageDisplayViewController.xib; sourceTree = "<group>"; };
		B43658EC18F18BF10017672E /* NSString+EUCStringExtensions.h */ = {isa = PBXFileReference; fileEncoding = 4; lastKnownFileType = sourcecode.c.h; name = "NSString+EUCStringExtensions.h"; path = "Support/NSString+EUCStringExtensions.h"; sourceTree = "<group>"; };
		B43658ED18F18BF10017672E /* NSString+EUCStringExtensions.m */ = {isa = PBXFileReference; fileEncoding = 4; lastKnownFileType = sourcecode.c.objc; name = "NSString+EUCStringExtensions.m"; path = "Support/NSString+EUCStringExtensions.m"; sourceTree = "<group>"; };
		B43658F418F1B9000017672E /* EUCDatePickerViewController.m */ = {isa = PBXFileReference; fileEncoding = 4; lastKnownFileType = sourcecode.c.objc; name = EUCDatePickerViewController.m; path = Support/EUCDatePickerViewController.m; sourceTree = "<group>"; };
		B43658F518F1B9000017672E /* EUCDatePickerViewController.h */ = {isa = PBXFileReference; fileEncoding = 4; lastKnownFileType = sourcecode.c.h; name = EUCDatePickerViewController.h; path = Support/EUCDatePickerViewController.h; sourceTree = "<group>"; };
		B43658F618F1B9000017672E /* EUCDatePickerViewController.xib */ = {isa = PBXFileReference; fileEncoding = 4; lastKnownFileType = file.xib; name = EUCDatePickerViewController.xib; path = Support/EUCDatePickerViewController.xib; sourceTree = "<group>"; };
		B4D1EC2D18BD729300E01EFE /* PhotoMat.app */ = {isa = PBXFileReference; explicitFileType = wrapper.application; includeInIndex = 0; path = PhotoMat.app; sourceTree = BUILT_PRODUCTS_DIR; };
		B4D1EC3018BD729300E01EFE /* Foundation.framework */ = {isa = PBXFileReference; lastKnownFileType = wrapper.framework; name = Foundation.framework; path = System/Library/Frameworks/Foundation.framework; sourceTree = SDKROOT; };
		B4D1EC3218BD729300E01EFE /* CoreGraphics.framework */ = {isa = PBXFileReference; lastKnownFileType = wrapper.framework; name = CoreGraphics.framework; path = System/Library/Frameworks/CoreGraphics.framework; sourceTree = SDKROOT; };
		B4D1EC3418BD729300E01EFE /* UIKit.framework */ = {isa = PBXFileReference; lastKnownFileType = wrapper.framework; name = UIKit.framework; path = System/Library/Frameworks/UIKit.framework; sourceTree = SDKROOT; };
		B4D1EC3818BD729300E01EFE /* PhotoMat-Info.plist */ = {isa = PBXFileReference; lastKnownFileType = text.plist.xml; path = "PhotoMat-Info.plist"; sourceTree = "<group>"; };
		B4D1EC3A18BD729300E01EFE /* en */ = {isa = PBXFileReference; lastKnownFileType = text.plist.strings; name = en; path = en.lproj/InfoPlist.strings; sourceTree = "<group>"; };
		B4D1EC3C18BD729300E01EFE /* main.m */ = {isa = PBXFileReference; lastKnownFileType = sourcecode.c.objc; path = main.m; sourceTree = "<group>"; };
		B4D1EC3E18BD729300E01EFE /* PhotoMat-Prefix.pch */ = {isa = PBXFileReference; lastKnownFileType = sourcecode.c.h; path = "PhotoMat-Prefix.pch"; sourceTree = "<group>"; };
		B4D1EC3F18BD729300E01EFE /* EUCAppDelegate.h */ = {isa = PBXFileReference; lastKnownFileType = sourcecode.c.h; path = EUCAppDelegate.h; sourceTree = "<group>"; };
		B4D1EC4018BD729300E01EFE /* EUCAppDelegate.m */ = {isa = PBXFileReference; lastKnownFileType = sourcecode.c.objc; path = EUCAppDelegate.m; sourceTree = "<group>"; };
		B4D1EC4218BD729300E01EFE /* Images.xcassets */ = {isa = PBXFileReference; lastKnownFileType = folder.assetcatalog; path = Images.xcassets; sourceTree = "<group>"; };
		B4D1EC4818BD729300E01EFE /* PhotoMatTests.xctest */ = {isa = PBXFileReference; explicitFileType = wrapper.cfbundle; includeInIndex = 0; path = PhotoMatTests.xctest; sourceTree = BUILT_PRODUCTS_DIR; };
		B4D1EC4918BD729300E01EFE /* XCTest.framework */ = {isa = PBXFileReference; lastKnownFileType = wrapper.framework; name = XCTest.framework; path = Library/Frameworks/XCTest.framework; sourceTree = DEVELOPER_DIR; };
		B4D1EC5118BD729300E01EFE /* PhotoMatTests-Info.plist */ = {isa = PBXFileReference; lastKnownFileType = text.plist.xml; path = "PhotoMatTests-Info.plist"; sourceTree = "<group>"; };
		B4D1EC5318BD729300E01EFE /* en */ = {isa = PBXFileReference; lastKnownFileType = text.plist.strings; name = en; path = en.lproj/InfoPlist.strings; sourceTree = "<group>"; };
		B4D1EC5518BD729300E01EFE /* TrapEaseTests.m */ = {isa = PBXFileReference; lastKnownFileType = sourcecode.c.objc; path = TrapEaseTests.m; sourceTree = "<group>"; };
		B4E6BD5518DDBB5600AC9D84 /* EUCFileSystem.h */ = {isa = PBXFileReference; fileEncoding = 4; lastKnownFileType = sourcecode.c.h; name = EUCFileSystem.h; path = Support/EUCFileSystem.h; sourceTree = "<group>"; };
		B4E6BD5618DDBB5600AC9D84 /* EUCFileSystem.m */ = {isa = PBXFileReference; fileEncoding = 4; lastKnownFileType = sourcecode.c.objc; name = EUCFileSystem.m; path = Support/EUCFileSystem.m; sourceTree = "<group>"; };
		B4E6BD5818DDC26000AC9D84 /* EUCHomeViewController.h */ = {isa = PBXFileReference; fileEncoding = 4; lastKnownFileType = sourcecode.c.h; name = EUCHomeViewController.h; path = TrapEase/Controllers/EUCHomeViewController.h; sourceTree = "<group>"; };
		B4E6BD5918DDC26000AC9D84 /* EUCHomeViewController.m */ = {isa = PBXFileReference; fileEncoding = 4; lastKnownFileType = sourcecode.c.objc; name = EUCHomeViewController.m; path = TrapEase/Controllers/EUCHomeViewController.m; sourceTree = "<group>"; };
		B4E6BD6018DDC30C00AC9D84 /* EUCImportViewController.h */ = {isa = PBXFileReference; fileEncoding = 4; lastKnownFileType = sourcecode.c.h; name = EUCImportViewController.h; path = TrapEase/Controllers/EUCImportViewController.h; sourceTree = "<group>"; };
		B4E6BD6118DDC30C00AC9D84 /* EUCImportViewController.m */ = {isa = PBXFileReference; fileEncoding = 4; lastKnownFileType = sourcecode.c.objc; name = EUCImportViewController.m; path = TrapEase/Controllers/EUCImportViewController.m; sourceTree = "<group>"; };
		B4E6BD6218DDC30C00AC9D84 /* EUCImportViewController.xib */ = {isa = PBXFileReference; fileEncoding = 4; lastKnownFileType = file.xib; name = EUCImportViewController.xib; path = TrapEase/Controllers/EUCImportViewController.xib; sourceTree = "<group>"; };
		B4E6BD6518DDC33C00AC9D84 /* EUCFilterViewController.h */ = {isa = PBXFileReference; fileEncoding = 4; lastKnownFileType = sourcecode.c.h; name = EUCFilterViewController.h; path = TrapEase/Controllers/EUCFilterViewController.h; sourceTree = "<group>"; };
		B4E6BD6618DDC33C00AC9D84 /* EUCFilterViewController.m */ = {isa = PBXFileReference; fileEncoding = 4; lastKnownFileType = sourcecode.c.objc; name = EUCFilterViewController.m; path = TrapEase/Controllers/EUCFilterViewController.m; sourceTree = "<group>"; };
		B4E6BD6718DDC33C00AC9D84 /* EUCFilterViewController.xib */ = {isa = PBXFileReference; fileEncoding = 4; lastKnownFileType = file.xib; name = EUCFilterViewController.xib; path = TrapEase/Controllers/EUCFilterViewController.xib; sourceTree = "<group>"; };
		B4E6BD7218DDC39300AC9D84 /* EUCAnalyzeViewController.h */ = {isa = PBXFileReference; fileEncoding = 4; lastKnownFileType = sourcecode.c.h; name = EUCAnalyzeViewController.h; path = TrapEase/Controllers/EUCAnalyzeViewController.h; sourceTree = "<group>"; };
		B4E6BD7318DDC39300AC9D84 /* EUCAnalyzeViewController.m */ = {isa = PBXFileReference; fileEncoding = 4; lastKnownFileType = sourcecode.c.objc; name = EUCAnalyzeViewController.m; path = TrapEase/Controllers/EUCAnalyzeViewController.m; sourceTree = "<group>"; };
		B4E6BD7418DDC39300AC9D84 /* EUCAnalyzeViewController.xib */ = {isa = PBXFileReference; fileEncoding = 4; lastKnownFileType = file.xib; name = EUCAnalyzeViewController.xib; path = TrapEase/Controllers/EUCAnalyzeViewController.xib; sourceTree = "<group>"; };
		B4E6BD7918DDC82600AC9D84 /* bar-chart.png */ = {isa = PBXFileReference; lastKnownFileType = image.png; path = "bar-chart.png"; sourceTree = "<group>"; };
		B4E6BD7A18DDC82600AC9D84 /* bar-chart@2x.png */ = {isa = PBXFileReference; lastKnownFileType = image.png; path = "bar-chart@2x.png"; sourceTree = "<group>"; };
		B4E6BD7B18DDC82600AC9D84 /* download.png */ = {isa = PBXFileReference; lastKnownFileType = image.png; path = download.png; sourceTree = "<group>"; };
		B4E6BD7C18DDC82600AC9D84 /* download@2x.png */ = {isa = PBXFileReference; lastKnownFileType = image.png; path = "download@2x.png"; sourceTree = "<group>"; };
		B4E6BD7D18DDC82600AC9D84 /* filter.png */ = {isa = PBXFileReference; lastKnownFileType = image.png; path = filter.png; sourceTree = "<group>"; };
		B4E6BD7E18DDC82600AC9D84 /* filter@2x.png */ = {isa = PBXFileReference; lastKnownFileType = image.png; path = "filter@2x.png"; sourceTree = "<group>"; };
		B4E6BD7F18DDC82600AC9D84 /* line-chart.png */ = {isa = PBXFileReference; lastKnownFileType = image.png; path = "line-chart.png"; sourceTree = "<group>"; };
		B4E6BD8018DDC82600AC9D84 /* line-chart@2x.png */ = {isa = PBXFileReference; lastKnownFileType = image.png; path = "line-chart@2x.png"; sourceTree = "<group>"; };
		B4E6BD8118DDC82600AC9D84 /* share.png */ = {isa = PBXFileReference; lastKnownFileType = image.png; path = share.png; sourceTree = "<group>"; };
		B4E6BD8218DDC82600AC9D84 /* share@2x.png */ = {isa = PBXFileReference; lastKnownFileType = image.png; path = "share@2x.png"; sourceTree = "<group>"; };
		B4E6BD8318DDC82600AC9D84 /* tag.png */ = {isa = PBXFileReference; lastKnownFileType = image.png; path = tag.png; sourceTree = "<group>"; };
		B4E6BD8418DDC82600AC9D84 /* tag@2x.png */ = {isa = PBXFileReference; lastKnownFileType = image.png; path = "tag@2x.png"; sourceTree = "<group>"; };
		B4E6BD8518DDC82600AC9D84 /* trash.png */ = {isa = PBXFileReference; lastKnownFileType = image.png; path = trash.png; sourceTree = "<group>"; };
		B4E6BD8618DDC82600AC9D84 /* trash@2x.png */ = {isa = PBXFileReference; lastKnownFileType = image.png; path = "trash@2x.png"; sourceTree = "<group>"; };
		B4E6BE0818DDFD3400AC9D84 /* EUCUploadViewController.h */ = {isa = PBXFileReference; fileEncoding = 4; lastKnownFileType = sourcecode.c.h; name = EUCUploadViewController.h; path = TrapEase/Controllers/EUCUploadViewController.h; sourceTree = "<group>"; };
		B4E6BE0918DDFD3400AC9D84 /* EUCUploadViewController.m */ = {isa = PBXFileReference; fileEncoding = 4; lastKnownFileType = sourcecode.c.objc; name = EUCUploadViewController.m; path = TrapEase/Controllers/EUCUploadViewController.m; sourceTree = "<group>"; };
		B4E6BE0A18DDFD3400AC9D84 /* EUCUploadViewController.xib */ = {isa = PBXFileReference; fileEncoding = 4; lastKnownFileType = file.xib; name = EUCUploadViewController.xib; path = TrapEase/Controllers/EUCUploadViewController.xib; sourceTree = "<group>"; };
		B4E6BE0D18DDFF2F00AC9D84 /* upload.png */ = {isa = PBXFileReference; lastKnownFileType = image.png; path = upload.png; sourceTree = "<group>"; };
		B4E6BE0E18DDFF2F00AC9D84 /* upload@2x.png */ = {isa = PBXFileReference; lastKnownFileType = image.png; path = "upload@2x.png"; sourceTree = "<group>"; };
		B4E6BE1118DE005500AC9D84 /* hiking.png */ = {isa = PBXFileReference; lastKnownFileType = image.png; path = hiking.png; sourceTree = "<group>"; };
		B4E6BE1218DE005500AC9D84 /* hiking@2x.png */ = {isa = PBXFileReference; lastKnownFileType = image.png; path = "hiking@2x.png"; sourceTree = "<group>"; };
		B4E6BE1518DE008000AC9D84 /* EUCKnapsackViewController.h */ = {isa = PBXFileReference; fileEncoding = 4; lastKnownFileType = sourcecode.c.h; name = EUCKnapsackViewController.h; path = TrapEase/Controllers/EUCKnapsackViewController.h; sourceTree = "<group>"; };
		B4E6BE1618DE008000AC9D84 /* EUCKnapsackViewController.m */ = {isa = PBXFileReference; fileEncoding = 4; lastKnownFileType = sourcecode.c.objc; name = EUCKnapsackViewController.m; path = TrapEase/Controllers/EUCKnapsackViewController.m; sourceTree = "<group>"; };
		B4E6BE1718DE008000AC9D84 /* EUCKnapsackViewController.xib */ = {isa = PBXFileReference; fileEncoding = 4; lastKnownFileType = file.xib; name = EUCKnapsackViewController.xib; path = TrapEase/Controllers/EUCKnapsackViewController.xib; sourceTree = "<group>"; };
		B4E6BE1A18DE3EB400AC9D84 /* cloud.png */ = {isa = PBXFileReference; lastKnownFileType = image.png; path = cloud.png; sourceTree = "<group>"; };
		B4E6BE1B18DE3EB400AC9D84 /* cloud@2x.png */ = {isa = PBXFileReference; lastKnownFileType = image.png; path = "cloud@2x.png"; sourceTree = "<group>"; };
		B4E6BE1C18DE3EB400AC9D84 /* gear.png */ = {isa = PBXFileReference; lastKnownFileType = image.png; path = gear.png; sourceTree = "<group>"; };
		B4E6BE1D18DE3EB400AC9D84 /* gear@2x.png */ = {isa = PBXFileReference; lastKnownFileType = image.png; path = "gear@2x.png"; sourceTree = "<group>"; };
		B4E6BE2718DE3EE200AC9D84 /* EUCSettingsViewController.h */ = {isa = PBXFileReference; fileEncoding = 4; lastKnownFileType = sourcecode.c.h; name = EUCSettingsViewController.h; path = TrapEase/Controllers/EUCSettingsViewController.h; sourceTree = "<group>"; };
		B4E6BE2818DE3EE200AC9D84 /* EUCSettingsViewController.m */ = {isa = PBXFileReference; fileEncoding = 4; lastKnownFileType = sourcecode.c.objc; name = EUCSettingsViewController.m; path = TrapEase/Controllers/EUCSettingsViewController.m; sourceTree = "<group>"; };
		B4E6BE2918DE3EE200AC9D84 /* EUCSettingsViewController.xib */ = {isa = PBXFileReference; fileEncoding = 4; lastKnownFileType = file.xib; name = EUCSettingsViewController.xib; path = TrapEase/Controllers/EUCSettingsViewController.xib; sourceTree = "<group>"; };
		B4E6BE2E18DE44B900AC9D84 /* EUCImportCell.h */ = {isa = PBXFileReference; fileEncoding = 4; lastKnownFileType = sourcecode.c.h; name = EUCImportCell.h; path = Cells/EUCImportCell.h; sourceTree = "<group>"; };
		B4E6BE2F18DE44B900AC9D84 /* EUCImportCell.m */ = {isa = PBXFileReference; fileEncoding = 4; lastKnownFileType = sourcecode.c.objc; name = EUCImportCell.m; path = Cells/EUCImportCell.m; sourceTree = "<group>"; };
		B4E6BE3118DE44D900AC9D84 /* EUCImportCell.xib */ = {isa = PBXFileReference; fileEncoding = 4; lastKnownFileType = file.xib; name = EUCImportCell.xib; path = Cells/EUCImportCell.xib; sourceTree = "<group>"; };
		B4E6BE3318DE4CD100AC9D84 /* AssetsLibrary.framework */ = {isa = PBXFileReference; lastKnownFileType = wrapper.framework; name = AssetsLibrary.framework; path = System/Library/Frameworks/AssetsLibrary.framework; sourceTree = SDKROOT; };
		B4E6BE3418DE4CD100AC9D84 /* AVFoundation.framework */ = {isa = PBXFileReference; lastKnownFileType = wrapper.framework; name = AVFoundation.framework; path = System/Library/Frameworks/AVFoundation.framework; sourceTree = SDKROOT; };
		B4E6BE3518DE4CD200AC9D84 /* CoreImage.framework */ = {isa = PBXFileReference; lastKnownFileType = wrapper.framework; name = CoreImage.framework; path = System/Library/Frameworks/CoreImage.framework; sourceTree = SDKROOT; };
		B4E6BE3618DE4CD200AC9D84 /* QuartzCore.framework */ = {isa = PBXFileReference; lastKnownFileType = wrapper.framework; name = QuartzCore.framework; path = System/Library/Frameworks/QuartzCore.framework; sourceTree = SDKROOT; };
		B4E6BE3D18DE9EBC00AC9D84 /* UIImage+ImageEffects.h */ = {isa = PBXFileReference; fileEncoding = 4; lastKnownFileType = sourcecode.c.h; path = "UIImage+ImageEffects.h"; sourceTree = "<group>"; };
		B4E6BE3E18DE9EBC00AC9D84 /* UIImage+ImageEffects.m */ = {isa = PBXFileReference; fileEncoding = 4; lastKnownFileType = sourcecode.c.objc; path = "UIImage+ImageEffects.m"; sourceTree = "<group>"; };
		B4E6BE4018DEA37C00AC9D84 /* EUCSelectViewController.h */ = {isa = PBXFileReference; fileEncoding = 4; lastKnownFileType = sourcecode.c.h; name = EUCSelectViewController.h; path = TrapEase/Controllers/EUCSelectViewController.h; sourceTree = "<group>"; };
		B4E6BE4118DEA37C00AC9D84 /* EUCSelectViewController.m */ = {isa = PBXFileReference; fileEncoding = 4; lastKnownFileType = sourcecode.c.objc; name = EUCSelectViewController.m; path = TrapEase/Controllers/EUCSelectViewController.m; sourceTree = "<group>"; };
		B4E6BE4218DEA37C00AC9D84 /* EUCSelectViewController.xib */ = {isa = PBXFileReference; fileEncoding = 4; lastKnownFileType = file.xib; name = EUCSelectViewController.xib; path = TrapEase/Controllers/EUCSelectViewController.xib; sourceTree = "<group>"; };
		B4E6BE4518DEA5BB00AC9D84 /* EUCSelectCell.h */ = {isa = PBXFileReference; fileEncoding = 4; lastKnownFileType = sourcecode.c.h; name = EUCSelectCell.h; path = Cells/EUCSelectCell.h; sourceTree = "<group>"; };
		B4E6BE4618DEA5BB00AC9D84 /* EUCSelectCell.m */ = {isa = PBXFileReference; fileEncoding = 4; lastKnownFileType = sourcecode.c.objc; name = EUCSelectCell.m; path = Cells/EUCSelectCell.m; sourceTree = "<group>"; };
		B4E6BE4818DEA5E700AC9D84 /* EUCSelectCell.xib */ = {isa = PBXFileReference; fileEncoding = 4; lastKnownFileType = file.xib; name = EUCSelectCell.xib; path = Cells/EUCSelectCell.xib; sourceTree = "<group>"; };
		B4E6BE4A18DEA6DE00AC9D84 /* thumbs-down.png */ = {isa = PBXFileReference; lastKnownFileType = image.png; path = "thumbs-down.png"; sourceTree = "<group>"; };
		B4E6BE4B18DEA6DE00AC9D84 /* thumbs-down@2x.png */ = {isa = PBXFileReference; lastKnownFileType = image.png; path = "thumbs-down@2x.png"; sourceTree = "<group>"; };
		B4E6BE4C18DEA6DE00AC9D84 /* thumbs-up.png */ = {isa = PBXFileReference; lastKnownFileType = image.png; path = "thumbs-up.png"; sourceTree = "<group>"; };
		B4E6BE4D18DEA6DE00AC9D84 /* thumbs-up@2x.png */ = {isa = PBXFileReference; lastKnownFileType = image.png; path = "thumbs-up@2x.png"; sourceTree = "<group>"; };
		B4E6BE5818DF9F6400AC9D84 /* trap.db */ = {isa = PBXFileReference; lastKnownFileType = file; path = trap.db; sourceTree = "<group>"; };
		B4E6BE5B18DF9F9800AC9D84 /* EUCDatabase.h */ = {isa = PBXFileReference; fileEncoding = 4; lastKnownFileType = sourcecode.c.h; name = EUCDatabase.h; path = Data/EUCDatabase.h; sourceTree = "<group>"; };
		B4E6BE5C18DF9F9800AC9D84 /* EUCDatabase.m */ = {isa = PBXFileReference; fileEncoding = 4; lastKnownFileType = sourcecode.c.objc; name = EUCDatabase.m; path = Data/EUCDatabase.m; sourceTree = "<group>"; };
		B4E6BE5F18DFB77B00AC9D84 /* EUCNetwork.h */ = {isa = PBXFileReference; fileEncoding = 4; lastKnownFileType = sourcecode.c.h; name = EUCNetwork.h; path = Network/EUCNetwork.h; sourceTree = "<group>"; };
		B4E6BE6018DFB77B00AC9D84 /* EUCNetwork.m */ = {isa = PBXFileReference; fileEncoding = 4; lastKnownFileType = sourcecode.c.objc; name = EUCNetwork.m; path = Network/EUCNetwork.m; sourceTree = "<group>"; };
		B4E6BE6718DFBE5300AC9D84 /* deployments.png */ = {isa = PBXFileReference; lastKnownFileType = image.png; path = deployments.png; sourceTree = "<group>"; };
		B4E6BE6818DFBE5300AC9D84 /* deployments@2x.png */ = {isa = PBXFileReference; lastKnownFileType = image.png; path = "deployments@2x.png"; sourceTree = "<group>"; };
		B4E6BE7218DFC51300AC9D84 /* EUCDeploymentCell.h */ = {isa = PBXFileReference; fileEncoding = 4; lastKnownFileType = sourcecode.c.h; name = EUCDeploymentCell.h; path = Cells/EUCDeploymentCell.h; sourceTree = "<group>"; };
		B4E6BE7318DFC51300AC9D84 /* EUCDeploymentCell.m */ = {isa = PBXFileReference; fileEncoding = 4; lastKnownFileType = sourcecode.c.objc; name = EUCDeploymentCell.m; path = Cells/EUCDeploymentCell.m; sourceTree = "<group>"; };
		B4E6BE7518DFD0DD00AC9D84 /* EUCDeploymentSplitViewController.h */ = {isa = PBXFileReference; fileEncoding = 4; lastKnownFileType = sourcecode.c.h; name = EUCDeploymentSplitViewController.h; path = TrapEase/Controllers/EUCDeploymentSplitViewController.h; sourceTree = "<group>"; };
		B4E6BE7618DFD0DD00AC9D84 /* EUCDeploymentSplitViewController.m */ = {isa = PBXFileReference; fileEncoding = 4; lastKnownFileType = sourcecode.c.objc; name = EUCDeploymentSplitViewController.m; path = TrapEase/Controllers/EUCDeploymentSplitViewController.m; sourceTree = "<group>"; };
		B4E6BE7F18DFD47700AC9D84 /* EUCDeploymentMasterViewController.h */ = {isa = PBXFileReference; fileEncoding = 4; lastKnownFileType = sourcecode.c.h; name = EUCDeploymentMasterViewController.h; path = TrapEase/Controllers/EUCDeploymentMasterViewController.h; sourceTree = "<group>"; };
		B4E6BE8018DFD47700AC9D84 /* EUCDeploymentMasterViewController.m */ = {isa = PBXFileReference; fileEncoding = 4; lastKnownFileType = sourcecode.c.objc; name = EUCDeploymentMasterViewController.m; path = TrapEase/Controllers/EUCDeploymentMasterViewController.m; sourceTree = "<group>"; };
		B4E6BE8118DFD47700AC9D84 /* EUCDeploymentMasterViewController.xib */ = {isa = PBXFileReference; fileEncoding = 4; lastKnownFileType = file.xib; name = EUCDeploymentMasterViewController.xib; path = TrapEase/Controllers/EUCDeploymentMasterViewController.xib; sourceTree = "<group>"; };
		B4E6BE8418DFDB5B00AC9D84 /* EUCDeploymentMasterCell.xib */ = {isa = PBXFileReference; fileEncoding = 4; lastKnownFileType = file.xib; name = EUCDeploymentMasterCell.xib; path = Cells/EUCDeploymentMasterCell.xib; sourceTree = "<group>"; };
		B4E6BE8618E0729900AC9D84 /* EUCDeploymentDetailViewController.h */ = {isa = PBXFileReference; fileEncoding = 4; lastKnownFileType = sourcecode.c.h; name = EUCDeploymentDetailViewController.h; path = TrapEase/Controllers/EUCDeploymentDetailViewController.h; sourceTree = "<group>"; };
		B4E6BE8718E0729900AC9D84 /* EUCDeploymentDetailViewController.m */ = {isa = PBXFileReference; fileEncoding = 4; lastKnownFileType = sourcecode.c.objc; name = EUCDeploymentDetailViewController.m; path = TrapEase/Controllers/EUCDeploymentDetailViewController.m; sourceTree = "<group>"; };
		B4E6BE8818E0729900AC9D84 /* EUCDeploymentDetailViewController.xib */ = {isa = PBXFileReference; fileEncoding = 4; lastKnownFileType = file.xib; name = EUCDeploymentDetailViewController.xib; path = TrapEase/Controllers/EUCDeploymentDetailViewController.xib; sourceTree = "<group>"; };
		B4E6BE8B18E13C5800AC9D84 /* thumbs-up-selected.png */ = {isa = PBXFileReference; lastKnownFileType = image.png; path = "thumbs-up-selected.png"; sourceTree = "<group>"; };
		B4E6BE8C18E13C5800AC9D84 /* thumbs-up-selected@2x.png */ = {isa = PBXFileReference; lastKnownFileType = image.png; path = "thumbs-up-selected@2x.png"; sourceTree = "<group>"; };
		B4E6BE8D18E13C5800AC9D84 /* camera.png */ = {isa = PBXFileReference; lastKnownFileType = image.png; path = camera.png; sourceTree = "<group>"; };
		B4E6BE8E18E13C5800AC9D84 /* camera@2x.png */ = {isa = PBXFileReference; lastKnownFileType = image.png; path = "camera@2x.png"; sourceTree = "<group>"; };
		B4E6BE8F18E13C5800AC9D84 /* photo.png */ = {isa = PBXFileReference; lastKnownFileType = image.png; path = photo.png; sourceTree = "<group>"; };
		B4E6BE9018E13C5800AC9D84 /* photo@2x.png */ = {isa = PBXFileReference; lastKnownFileType = image.png; path = "photo@2x.png"; sourceTree = "<group>"; };
		B4E6BE9118E13C5800AC9D84 /* users.png */ = {isa = PBXFileReference; lastKnownFileType = image.png; path = users.png; sourceTree = "<group>"; };
		B4E6BE9218E13C5800AC9D84 /* users@2x.png */ = {isa = PBXFileReference; lastKnownFileType = image.png; path = "users@2x.png"; sourceTree = "<group>"; };
		B4E6BE9C18E23BA500AC9D84 /* EUCUserViewController.h */ = {isa = PBXFileReference; fileEncoding = 4; lastKnownFileType = sourcecode.c.h; name = EUCUserViewController.h; path = TrapEase/Controllers/EUCUserViewController.h; sourceTree = "<group>"; };
		B4E6BE9D18E23BA500AC9D84 /* EUCUserViewController.m */ = {isa = PBXFileReference; fileEncoding = 4; lastKnownFileType = sourcecode.c.objc; name = EUCUserViewController.m; path = TrapEase/Controllers/EUCUserViewController.m; sourceTree = "<group>"; };
		B4E6BE9E18E23BA500AC9D84 /* EUCUserViewController.xib */ = {isa = PBXFileReference; fileEncoding = 4; lastKnownFileType = file.xib; name = EUCUserViewController.xib; path = TrapEase/Controllers/EUCUserViewController.xib; sourceTree = "<group>"; };
		B4E6BEA118E23D8200AC9D84 /* EUCConnectingViewController.h */ = {isa = PBXFileReference; fileEncoding = 4; lastKnownFileType = sourcecode.c.h; name = EUCConnectingViewController.h; path = TrapEase/Controllers/EUCConnectingViewController.h; sourceTree = "<group>"; };
		B4E6BEA218E23D8200AC9D84 /* EUCConnectingViewController.m */ = {isa = PBXFileReference; fileEncoding = 4; lastKnownFileType = sourcecode.c.objc; name = EUCConnectingViewController.m; path = TrapEase/Controllers/EUCConnectingViewController.m; sourceTree = "<group>"; };
		B4E6BEA318E23D8200AC9D84 /* EUCConnectingViewController.xib */ = {isa = PBXFileReference; fileEncoding = 4; lastKnownFileType = file.xib; name = EUCConnectingViewController.xib; path = TrapEase/Controllers/EUCConnectingViewController.xib; sourceTree = "<group>"; };
		B4F6930D18F75872000C7AD0 /* EUCSelectedSet.h */ = {isa = PBXFileReference; fileEncoding = 4; lastKnownFileType = sourcecode.c.h; name = EUCSelectedSet.h; path = Model/EUCSelectedSet.h; sourceTree = "<group>"; };
		B4F6930E18F75872000C7AD0 /* EUCSelectedSet.m */ = {isa = PBXFileReference; fileEncoding = 4; lastKnownFileType = sourcecode.c.objc; name = EUCSelectedSet.m; path = Model/EUCSelectedSet.m; sourceTree = "<group>"; };
/* End PBXFileReference section */

/* Begin PBXFrameworksBuildPhase section */
		B4D1EC2A18BD729300E01EFE /* Frameworks */ = {
			isa = PBXFrameworksBuildPhase;
			buildActionMask = 2147483647;
			files = (
				B4E6BE3718DE4CD200AC9D84 /* AssetsLibrary.framework in Frameworks */,
				B4E6BE3818DE4CD200AC9D84 /* AVFoundation.framework in Frameworks */,
				B4E6BE3918DE4CD200AC9D84 /* CoreImage.framework in Frameworks */,
				B4E6BE3A18DE4CD200AC9D84 /* QuartzCore.framework in Frameworks */,
				B4D1EC3318BD729300E01EFE /* CoreGraphics.framework in Frameworks */,
				B4D1EC3518BD729300E01EFE /* UIKit.framework in Frameworks */,
				B4D1EC3118BD729300E01EFE /* Foundation.framework in Frameworks */,
				35D4F084544C46C2BE466AC9 /* libPods.a in Frameworks */,
			);
			runOnlyForDeploymentPostprocessing = 0;
		};
		B4D1EC4518BD729300E01EFE /* Frameworks */ = {
			isa = PBXFrameworksBuildPhase;
			buildActionMask = 2147483647;
			files = (
				B4D1EC4A18BD729300E01EFE /* XCTest.framework in Frameworks */,
				B4D1EC4C18BD729300E01EFE /* UIKit.framework in Frameworks */,
				B4D1EC4B18BD729300E01EFE /* Foundation.framework in Frameworks */,
			);
			runOnlyForDeploymentPostprocessing = 0;
		};
/* End PBXFrameworksBuildPhase section */

/* Begin PBXGroup section */
		7080F7A818F743210087A66F /* taglist */ = {
			isa = PBXGroup;
			children = (
				7080F7DE18F747620087A66F /* EUCNotesViewController.h */,
				7080F7DF18F747620087A66F /* EUCNotesViewController.m */,
				7080F7E018F747620087A66F /* EUCNotesViewController.xib */,
				7080F7D418F746F60087A66F /* PopoverErrorContentViewController.h */,
				7080F7D518F746F60087A66F /* PopoverErrorContentViewController.m */,
				7080F7D618F746F60087A66F /* PopoverErrorContentViewController.xib */,
				7080F7D718F746F60087A66F /* PopoverTagContentViewController.h */,
				7080F7D818F746F60087A66F /* PopoverTagContentViewController.m */,
				7080F7D918F746F60087A66F /* PopoverTagContentViewController.xib */,
				7080F7A918F743210087A66F /* EUCLabelViewController.h */,
				7080F7AA18F743210087A66F /* EUCLabelViewController.m */,
				7080F7AB18F743210087A66F /* EUCLabelViewController.xib */,
				7080F7AC18F743210087A66F /* PhotoTag.h */,
				7080F7AD18F743210087A66F /* PhotoTag.m */,
				7080F7AE18F743210087A66F /* TagList.h */,
				7080F7AF18F743210087A66F /* TagList.m */,
				7080F7B018F743210087A66F /* TagView.h */,
				7080F7B118F743210087A66F /* TagView.m */,
				7080F7B218F743210087A66F /* TimelineItemSubView.h */,
				7080F7B318F743210087A66F /* TimelineItemSubView.m */,
				7080F7B418F743210087A66F /* TimelineItemView.xib */,
				7080F7B518F743210087A66F /* TimelineView.h */,
				7080F7B618F743210087A66F /* TimelineView.m */,
				708FDBCB18F8584500EA5B88 /* UIUpdateDelegate.h */,
			);
			path = taglist;
			sourceTree = "<group>";
		};
		B43658D218E4B9490017672E /* Model */ = {
			isa = PBXGroup;
			children = (
				B43658D318E4B95F0017672E /* EUCImage.h */,
				B43658D418E4B95F0017672E /* EUCImage.m */,
				B43658D618E4B9A30017672E /* EUCBurst.h */,
				B43658D718E4B9A30017672E /* EUCBurst.m */,
				B43658E218E5356B0017672E /* EUCDeploymentImage.h */,
				B43658E318E5356B0017672E /* EUCDeploymentImage.m */,
				B4F6930D18F75872000C7AD0 /* EUCSelectedSet.h */,
				B4F6930E18F75872000C7AD0 /* EUCSelectedSet.m */,
			);
			name = Model;
			sourceTree = "<group>";
		};
		B4D1EC2418BD729300E01EFE = {
			isa = PBXGroup;
			children = (
				B4D1EC3618BD729300E01EFE /* TrapEase */,
				B4D1EC4F18BD729300E01EFE /* TrapEaseTests */,
				B4D1EC2F18BD729300E01EFE /* Frameworks */,
				B4D1EC2E18BD729300E01EFE /* Products */,
				30CB9A6B881342BDB4DEA63F /* Pods.xcconfig */,
			);
			sourceTree = "<group>";
		};
		B4D1EC2E18BD729300E01EFE /* Products */ = {
			isa = PBXGroup;
			children = (
				B4D1EC2D18BD729300E01EFE /* PhotoMat.app */,
				B4D1EC4818BD729300E01EFE /* PhotoMatTests.xctest */,
			);
			name = Products;
			sourceTree = "<group>";
		};
		B4D1EC2F18BD729300E01EFE /* Frameworks */ = {
			isa = PBXGroup;
			children = (
				B4E6BE3318DE4CD100AC9D84 /* AssetsLibrary.framework */,
				B4E6BE3418DE4CD100AC9D84 /* AVFoundation.framework */,
				B4E6BE3518DE4CD200AC9D84 /* CoreImage.framework */,
				B4E6BE3618DE4CD200AC9D84 /* QuartzCore.framework */,
				B4D1EC3018BD729300E01EFE /* Foundation.framework */,
				B4D1EC3218BD729300E01EFE /* CoreGraphics.framework */,
				B4D1EC3418BD729300E01EFE /* UIKit.framework */,
				B4D1EC4918BD729300E01EFE /* XCTest.framework */,
				1FB35A88ACFB41A99F3E3EC4 /* libPods.a */,
			);
			name = Frameworks;
			sourceTree = "<group>";
		};
		B4D1EC3618BD729300E01EFE /* TrapEase */ = {
			isa = PBXGroup;
			children = (
				B43658D218E4B9490017672E /* Model */,
				B4E6BE5E18DFB76000AC9D84 /* Network */,
				B4E6BE5A18DF9F6D00AC9D84 /* Data */,
				B4E6BE5718DF9F6400AC9D84 /* Resources */,
				B4E6BE3C18DE9EBC00AC9D84 /* AppleCode */,
				B4E6BE2C18DE442400AC9D84 /* Cells */,
				B4E6BD7718DDC82600AC9D84 /* Images */,
				B4E6BD5418DDBB2500AC9D84 /* Support */,
				B4D1EC5F18BD732B00E01EFE /* Controllers */,
				B4D1EC3F18BD729300E01EFE /* EUCAppDelegate.h */,
				B4D1EC4018BD729300E01EFE /* EUCAppDelegate.m */,
				B4D1EC4218BD729300E01EFE /* Images.xcassets */,
				B4D1EC3718BD729300E01EFE /* Supporting Files */,
			);
			path = TrapEase;
			sourceTree = "<group>";
		};
		B4D1EC3718BD729300E01EFE /* Supporting Files */ = {
			isa = PBXGroup;
			children = (
				B4D1EC3818BD729300E01EFE /* PhotoMat-Info.plist */,
				B4D1EC3918BD729300E01EFE /* InfoPlist.strings */,
				B4D1EC3C18BD729300E01EFE /* main.m */,
				B4D1EC3E18BD729300E01EFE /* PhotoMat-Prefix.pch */,
			);
			name = "Supporting Files";
			sourceTree = "<group>";
		};
		B4D1EC4F18BD729300E01EFE /* TrapEaseTests */ = {
			isa = PBXGroup;
			children = (
				B4D1EC5518BD729300E01EFE /* TrapEaseTests.m */,
				B4D1EC5018BD729300E01EFE /* Supporting Files */,
			);
			path = TrapEaseTests;
			sourceTree = "<group>";
		};
		B4D1EC5018BD729300E01EFE /* Supporting Files */ = {
			isa = PBXGroup;
			children = (
				B4D1EC5118BD729300E01EFE /* PhotoMatTests-Info.plist */,
				B4D1EC5218BD729300E01EFE /* InfoPlist.strings */,
			);
			name = "Supporting Files";
			sourceTree = "<group>";
		};
		B4D1EC5F18BD732B00E01EFE /* Controllers */ = {
			isa = PBXGroup;
			children = (
				7080F7A818F743210087A66F /* taglist */,
				B4E6BD5818DDC26000AC9D84 /* EUCHomeViewController.h */,
				B4E6BD5918DDC26000AC9D84 /* EUCHomeViewController.m */,
				B4E6BD6018DDC30C00AC9D84 /* EUCImportViewController.h */,
				B4E6BD6118DDC30C00AC9D84 /* EUCImportViewController.m */,
				B4E6BD6218DDC30C00AC9D84 /* EUCImportViewController.xib */,
				B4E6BD6518DDC33C00AC9D84 /* EUCFilterViewController.h */,
				B4E6BD6618DDC33C00AC9D84 /* EUCFilterViewController.m */,
				B4E6BD6718DDC33C00AC9D84 /* EUCFilterViewController.xib */,
				B4E6BD7218DDC39300AC9D84 /* EUCAnalyzeViewController.h */,
				B4E6BD7318DDC39300AC9D84 /* EUCAnalyzeViewController.m */,
				B4E6BD7418DDC39300AC9D84 /* EUCAnalyzeViewController.xib */,
				B4E6BE0818DDFD3400AC9D84 /* EUCUploadViewController.h */,
				B4E6BE0918DDFD3400AC9D84 /* EUCUploadViewController.m */,
				B4E6BE0A18DDFD3400AC9D84 /* EUCUploadViewController.xib */,
				B4E6BE1518DE008000AC9D84 /* EUCKnapsackViewController.h */,
				B4E6BE1618DE008000AC9D84 /* EUCKnapsackViewController.m */,
				B4E6BE1718DE008000AC9D84 /* EUCKnapsackViewController.xib */,
				B4E6BE2718DE3EE200AC9D84 /* EUCSettingsViewController.h */,
				B4E6BE2818DE3EE200AC9D84 /* EUCSettingsViewController.m */,
				B4E6BE2918DE3EE200AC9D84 /* EUCSettingsViewController.xib */,
				B4E6BE4018DEA37C00AC9D84 /* EUCSelectViewController.h */,
				B4E6BE4118DEA37C00AC9D84 /* EUCSelectViewController.m */,
				B4E6BE4218DEA37C00AC9D84 /* EUCSelectViewController.xib */,
				B4E6BE7518DFD0DD00AC9D84 /* EUCDeploymentSplitViewController.h */,
				B4E6BE7618DFD0DD00AC9D84 /* EUCDeploymentSplitViewController.m */,
				B4E6BE7F18DFD47700AC9D84 /* EUCDeploymentMasterViewController.h */,
				B4E6BE8018DFD47700AC9D84 /* EUCDeploymentMasterViewController.m */,
				B4E6BE8118DFD47700AC9D84 /* EUCDeploymentMasterViewController.xib */,
				B4E6BE8618E0729900AC9D84 /* EUCDeploymentDetailViewController.h */,
				B4E6BE8718E0729900AC9D84 /* EUCDeploymentDetailViewController.m */,
				B4E6BE8818E0729900AC9D84 /* EUCDeploymentDetailViewController.xib */,
				B4E6BE9C18E23BA500AC9D84 /* EUCUserViewController.h */,
				B4E6BE9D18E23BA500AC9D84 /* EUCUserViewController.m */,
				B4E6BE9E18E23BA500AC9D84 /* EUCUserViewController.xib */,
				B4E6BEA118E23D8200AC9D84 /* EUCConnectingViewController.h */,
				B4E6BEA218E23D8200AC9D84 /* EUCConnectingViewController.m */,
				B4E6BEA318E23D8200AC9D84 /* EUCConnectingViewController.xib */,
				B43658D118E3F19C0017672E /* EUCVisibilityChangedDelegate.h */,
				B43658E518E542480017672E /* EUCImageDisplayViewController.h */,
				B43658E618E542480017672E /* EUCImageDisplayViewController.m */,
				B43658E718E542480017672E /* EUCImageDisplayViewController.xib */,
				B4116D9718F3A01400AAA7AC /* EUCTabBarViewControllerDelegate.h */,
				B4116D9818F3A01400AAA7AC /* EUCTabBarViewControllerDelegate.m */,
				702ACBBF18F756760001C9D7 /* EUCCloudViewController.h */,
				702ACBC018F756760001C9D7 /* EUCCloudViewController.m */,
				702ACBC118F756760001C9D7 /* EUCCloudViewController.xib */,
			);
			name = Controllers;
			path = ..;
			sourceTree = "<group>";
		};
		B4E6BD5418DDBB2500AC9D84 /* Support */ = {
			isa = PBXGroup;
			children = (
				B43658F418F1B9000017672E /* EUCDatePickerViewController.m */,
				B43658F518F1B9000017672E /* EUCDatePickerViewController.h */,
				B43658F618F1B9000017672E /* EUCDatePickerViewController.xib */,
				B4E6BD5518DDBB5600AC9D84 /* EUCFileSystem.h */,
				B4E6BD5618DDBB5600AC9D84 /* EUCFileSystem.m */,
				B43658DE18E5213F0017672E /* EUCImageUtilities.h */,
				B43658DF18E5213F0017672E /* EUCImageUtilities.m */,
				B43658EC18F18BF10017672E /* NSString+EUCStringExtensions.h */,
				B43658ED18F18BF10017672E /* NSString+EUCStringExtensions.m */,
			);
			name = Support;
			sourceTree = "<group>";
		};
		B4E6BD7718DDC82600AC9D84 /* Images */ = {
			isa = PBXGroup;
			children = (
				7080F7BF18F743560087A66F /* sample.jpg */,
				7080F7C018F743560087A66F /* sample2.jpg */,
				B4E6BD7818DDC82600AC9D84 /* Icons */,
			);
			path = Images;
			sourceTree = "<group>";
		};
		B4E6BD7818DDC82600AC9D84 /* Icons */ = {
			isa = PBXGroup;
			children = (
				7080F7C718F7439B0087A66F /* webview-back.png */,
				7080F7C818F7439B0087A66F /* webview-back@2x.png */,
				7080F7C918F7439B0087A66F /* webview-forward.png */,
				7080F7CA18F7439B0087A66F /* webview-forward@2x.png */,
				7080F7C318F7438C0087A66F /* note.png */,
				7080F7C418F7438C0087A66F /* note@2x.png */,
				B4E6BE8B18E13C5800AC9D84 /* thumbs-up-selected.png */,
				B4E6BE8C18E13C5800AC9D84 /* thumbs-up-selected@2x.png */,
				B4E6BE8D18E13C5800AC9D84 /* camera.png */,
				B4E6BE8E18E13C5800AC9D84 /* camera@2x.png */,
				B4E6BE8F18E13C5800AC9D84 /* photo.png */,
				B4E6BE9018E13C5800AC9D84 /* photo@2x.png */,
				B4E6BE9118E13C5800AC9D84 /* users.png */,
				B4E6BE9218E13C5800AC9D84 /* users@2x.png */,
				B4E6BE6718DFBE5300AC9D84 /* deployments.png */,
				B4E6BE6818DFBE5300AC9D84 /* deployments@2x.png */,
				B4E6BE4A18DEA6DE00AC9D84 /* thumbs-down.png */,
				B4E6BE4B18DEA6DE00AC9D84 /* thumbs-down@2x.png */,
				B4E6BE4C18DEA6DE00AC9D84 /* thumbs-up.png */,
				B4E6BE4D18DEA6DE00AC9D84 /* thumbs-up@2x.png */,
				B4E6BE1A18DE3EB400AC9D84 /* cloud.png */,
				B4E6BE1B18DE3EB400AC9D84 /* cloud@2x.png */,
				B4E6BE1C18DE3EB400AC9D84 /* gear.png */,
				B4E6BE1D18DE3EB400AC9D84 /* gear@2x.png */,
				B4E6BE1118DE005500AC9D84 /* hiking.png */,
				B4E6BE1218DE005500AC9D84 /* hiking@2x.png */,
				B4E6BE0D18DDFF2F00AC9D84 /* upload.png */,
				B4E6BE0E18DDFF2F00AC9D84 /* upload@2x.png */,
				B4E6BD7918DDC82600AC9D84 /* bar-chart.png */,
				B4E6BD7A18DDC82600AC9D84 /* bar-chart@2x.png */,
				B4E6BD7B18DDC82600AC9D84 /* download.png */,
				B4E6BD7C18DDC82600AC9D84 /* download@2x.png */,
				B4E6BD7D18DDC82600AC9D84 /* filter.png */,
				B4E6BD7E18DDC82600AC9D84 /* filter@2x.png */,
				B4E6BD7F18DDC82600AC9D84 /* line-chart.png */,
				B4E6BD8018DDC82600AC9D84 /* line-chart@2x.png */,
				B4E6BD8118DDC82600AC9D84 /* share.png */,
				B4E6BD8218DDC82600AC9D84 /* share@2x.png */,
				B4E6BD8318DDC82600AC9D84 /* tag.png */,
				B4E6BD8418DDC82600AC9D84 /* tag@2x.png */,
				B4E6BD8518DDC82600AC9D84 /* trash.png */,
				B4E6BD8618DDC82600AC9D84 /* trash@2x.png */,
			);
			path = Icons;
			sourceTree = "<group>";
		};
		B4E6BE2C18DE442400AC9D84 /* Cells */ = {
			isa = PBXGroup;
			children = (
				B4E6BE2E18DE44B900AC9D84 /* EUCImportCell.h */,
				B4E6BE2F18DE44B900AC9D84 /* EUCImportCell.m */,
				B4E6BE3118DE44D900AC9D84 /* EUCImportCell.xib */,
				B4E6BE4518DEA5BB00AC9D84 /* EUCSelectCell.h */,
				B4E6BE4618DEA5BB00AC9D84 /* EUCSelectCell.m */,
				B4E6BE4818DEA5E700AC9D84 /* EUCSelectCell.xib */,
				B4E6BE7218DFC51300AC9D84 /* EUCDeploymentCell.h */,
				B4E6BE7318DFC51300AC9D84 /* EUCDeploymentCell.m */,
				B4E6BE8418DFDB5B00AC9D84 /* EUCDeploymentMasterCell.xib */,
				B43658D918E4E4200017672E /* EUCDeploymentImageCell.h */,
				B43658DA18E4E4200017672E /* EUCDeploymentImageCell.m */,
				B43658DC18E4E43B0017672E /* EUCDeploymentImageCell.xib */,
			);
			name = Cells;
			sourceTree = "<group>";
		};
		B4E6BE3C18DE9EBC00AC9D84 /* AppleCode */ = {
			isa = PBXGroup;
			children = (
				B4E6BE3D18DE9EBC00AC9D84 /* UIImage+ImageEffects.h */,
				B4E6BE3E18DE9EBC00AC9D84 /* UIImage+ImageEffects.m */,
			);
			path = AppleCode;
			sourceTree = "<group>";
		};
		B4E6BE5718DF9F6400AC9D84 /* Resources */ = {
			isa = PBXGroup;
			children = (
				B4E6BE5818DF9F6400AC9D84 /* trap.db */,
			);
			path = Resources;
			sourceTree = "<group>";
		};
		B4E6BE5A18DF9F6D00AC9D84 /* Data */ = {
			isa = PBXGroup;
			children = (
				B4E6BE5B18DF9F9800AC9D84 /* EUCDatabase.h */,
				B4E6BE5C18DF9F9800AC9D84 /* EUCDatabase.m */,
			);
			name = Data;
			sourceTree = "<group>";
		};
		B4E6BE5E18DFB76000AC9D84 /* Network */ = {
			isa = PBXGroup;
			children = (
				B4E6BE5F18DFB77B00AC9D84 /* EUCNetwork.h */,
				B4E6BE6018DFB77B00AC9D84 /* EUCNetwork.m */,
			);
			name = Network;
			sourceTree = "<group>";
		};
/* End PBXGroup section */

/* Begin PBXNativeTarget section */
		B4D1EC2C18BD729300E01EFE /* PhotoMat */ = {
			isa = PBXNativeTarget;
			buildConfigurationList = B4D1EC5918BD729300E01EFE /* Build configuration list for PBXNativeTarget "PhotoMat" */;
			buildPhases = (
				F0FA585A028947C28F010ADB /* Check Pods Manifest.lock */,
				B4D1EC2918BD729300E01EFE /* Sources */,
				B4D1EC2A18BD729300E01EFE /* Frameworks */,
				B4D1EC2B18BD729300E01EFE /* Resources */,
				34626F0EF4E344728D2E8176 /* Copy Pods Resources */,
			);
			buildRules = (
			);
			dependencies = (
			);
			name = PhotoMat;
			productName = TrapEase;
			productReference = B4D1EC2D18BD729300E01EFE /* PhotoMat.app */;
			productType = "com.apple.product-type.application";
		};
		B4D1EC4718BD729300E01EFE /* PhotoMatTests */ = {
			isa = PBXNativeTarget;
			buildConfigurationList = B4D1EC5C18BD729300E01EFE /* Build configuration list for PBXNativeTarget "PhotoMatTests" */;
			buildPhases = (
				B4D1EC4418BD729300E01EFE /* Sources */,
				B4D1EC4518BD729300E01EFE /* Frameworks */,
				B4D1EC4618BD729300E01EFE /* Resources */,
			);
			buildRules = (
			);
			dependencies = (
				B4D1EC4E18BD729300E01EFE /* PBXTargetDependency */,
			);
			name = PhotoMatTests;
			productName = TrapEaseTests;
			productReference = B4D1EC4818BD729300E01EFE /* PhotoMatTests.xctest */;
			productType = "com.apple.product-type.bundle.unit-test";
		};
/* End PBXNativeTarget section */

/* Begin PBXProject section */
		B4D1EC2518BD729300E01EFE /* Project object */ = {
			isa = PBXProject;
			attributes = {
				CLASSPREFIX = EUC;
				LastUpgradeCheck = 0510;
				ORGANIZATIONNAME = "Euclid Software, LLC";
				TargetAttributes = {
					B4D1EC2C18BD729300E01EFE = {
						DevelopmentTeam = F554V774C5;
					};
					B4D1EC4718BD729300E01EFE = {
						TestTargetID = B4D1EC2C18BD729300E01EFE;
					};
				};
			};
			buildConfigurationList = B4D1EC2818BD729300E01EFE /* Build configuration list for PBXProject "PhotoMat" */;
			compatibilityVersion = "Xcode 3.2";
			developmentRegion = English;
			hasScannedForEncodings = 0;
			knownRegions = (
				en,
			);
			mainGroup = B4D1EC2418BD729300E01EFE;
			productRefGroup = B4D1EC2E18BD729300E01EFE /* Products */;
			projectDirPath = "";
			projectRoot = "";
			targets = (
				B4D1EC2C18BD729300E01EFE /* PhotoMat */,
				B4D1EC4718BD729300E01EFE /* PhotoMatTests */,
			);
		};
/* End PBXProject section */

/* Begin PBXResourcesBuildPhase section */
		B4D1EC2B18BD729300E01EFE /* Resources */ = {
			isa = PBXResourcesBuildPhase;
			buildActionMask = 2147483647;
			files = (
				B43658F818F1B9000017672E /* EUCDatePickerViewController.xib in Resources */,
				B4E6BE9318E13C5800AC9D84 /* thumbs-up-selected.png in Resources */,
				7080F7DD18F746F60087A66F /* PopoverTagContentViewController.xib in Resources */,
				B4E6BE1E18DE3EB400AC9D84 /* cloud.png in Resources */,
				B4E6BE0F18DDFF2F00AC9D84 /* upload.png in Resources */,
				B4E6BD8A18DDC82600AC9D84 /* download@2x.png in Resources */,
				B4E6BE9618E13C5800AC9D84 /* camera@2x.png in Resources */,
				B4E6BEA018E23BA500AC9D84 /* EUCUserViewController.xib in Resources */,
				B4E6BD9218DDC82600AC9D84 /* tag@2x.png in Resources */,
				B4E6BE1F18DE3EB400AC9D84 /* cloud@2x.png in Resources */,
				B4D1EC3B18BD729300E01EFE /* InfoPlist.strings in Resources */,
				B4E6BE2018DE3EB400AC9D84 /* gear.png in Resources */,
				B4E6BE6A18DFBE5300AC9D84 /* deployments@2x.png in Resources */,
				B4E6BE9918E13C5800AC9D84 /* users.png in Resources */,
				B4E6BD9318DDC82600AC9D84 /* trash.png in Resources */,
				B4E6BD8818DDC82600AC9D84 /* bar-chart@2x.png in Resources */,
				B4E6BE0C18DDFD3400AC9D84 /* EUCUploadViewController.xib in Resources */,
				B4E6BE6918DFBE5300AC9D84 /* deployments.png in Resources */,
				B4E6BE4E18DEA6DE00AC9D84 /* thumbs-down.png in Resources */,
				B4E6BE1318DE005500AC9D84 /* hiking.png in Resources */,
				7080F7C118F743560087A66F /* sample.jpg in Resources */,
				B4E6BE8318DFD47700AC9D84 /* EUCDeploymentMasterViewController.xib in Resources */,
				B4E6BE5018DEA6DE00AC9D84 /* thumbs-up.png in Resources */,
				B4E6BE9418E13C5800AC9D84 /* thumbs-up-selected@2x.png in Resources */,
				B4E6BD8C18DDC82600AC9D84 /* filter@2x.png in Resources */,
				B4E6BE2118DE3EB400AC9D84 /* gear@2x.png in Resources */,
				B4E6BE4918DEA5E700AC9D84 /* EUCSelectCell.xib in Resources */,
				B4E6BE9518E13C5800AC9D84 /* camera.png in Resources */,
				702ACBC318F756760001C9D7 /* EUCCloudViewController.xib in Resources */,
				B4E6BE1918DE008000AC9D84 /* EUCKnapsackViewController.xib in Resources */,
				7080F7B818F743210087A66F /* EUCLabelViewController.xib in Resources */,
				B4E6BE5918DF9F6400AC9D84 /* trap.db in Resources */,
				B43658DD18E4E43B0017672E /* EUCDeploymentImageCell.xib in Resources */,
				B4D1EC4318BD729300E01EFE /* Images.xcassets in Resources */,
				B4E6BD6918DDC33C00AC9D84 /* EUCFilterViewController.xib in Resources */,
				B4E6BD8F18DDC82600AC9D84 /* share.png in Resources */,
				B4E6BD9118DDC82600AC9D84 /* tag.png in Resources */,
				B4E6BD9418DDC82600AC9D84 /* trash@2x.png in Resources */,
				B4E6BD8918DDC82600AC9D84 /* download.png in Resources */,
				7080F7C518F7438C0087A66F /* note.png in Resources */,
				B4E6BD6418DDC30C00AC9D84 /* EUCImportViewController.xib in Resources */,
				B4E6BD7618DDC39300AC9D84 /* EUCAnalyzeViewController.xib in Resources */,
				B4E6BEA518E23D8200AC9D84 /* EUCConnectingViewController.xib in Resources */,
				B4E6BD8718DDC82600AC9D84 /* bar-chart.png in Resources */,
				B4E6BE4F18DEA6DE00AC9D84 /* thumbs-down@2x.png in Resources */,
				B4E6BE1018DDFF2F00AC9D84 /* upload@2x.png in Resources */,
				7080F7E218F747620087A66F /* EUCNotesViewController.xib in Resources */,
				B4E6BD9018DDC82600AC9D84 /* share@2x.png in Resources */,
				B4E6BD8B18DDC82600AC9D84 /* filter.png in Resources */,
				B4E6BE2B18DE3EE200AC9D84 /* EUCSettingsViewController.xib in Resources */,
				7080F7CC18F7439B0087A66F /* webview-back@2x.png in Resources */,
				B4E6BE8A18E0729900AC9D84 /* EUCDeploymentDetailViewController.xib in Resources */,
				B4E6BE4418DEA37C00AC9D84 /* EUCSelectViewController.xib in Resources */,
				B4E6BE9718E13C5800AC9D84 /* photo.png in Resources */,
				B4E6BE1418DE005500AC9D84 /* hiking@2x.png in Resources */,
				7080F7DB18F746F60087A66F /* PopoverErrorContentViewController.xib in Resources */,
				7080F7BD18F743210087A66F /* TimelineItemView.xib in Resources */,
				B4E6BE9818E13C5800AC9D84 /* photo@2x.png in Resources */,
				B4E6BE8518DFDB5B00AC9D84 /* EUCDeploymentMasterCell.xib in Resources */,
				7080F7C218F743560087A66F /* sample2.jpg in Resources */,
				7080F7C618F7438C0087A66F /* note@2x.png in Resources */,
				B4E6BD8D18DDC82600AC9D84 /* line-chart.png in Resources */,
				B4E6BE5118DEA6DE00AC9D84 /* thumbs-up@2x.png in Resources */,
				7080F7CB18F7439B0087A66F /* webview-back.png in Resources */,
				7080F7CE18F7439B0087A66F /* webview-forward@2x.png in Resources */,
				7080F7CD18F7439B0087A66F /* webview-forward.png in Resources */,
				B4E6BE3218DE44D900AC9D84 /* EUCImportCell.xib in Resources */,
				B4E6BE9A18E13C5800AC9D84 /* users@2x.png in Resources */,
				B4E6BD8E18DDC82600AC9D84 /* line-chart@2x.png in Resources */,
				B43658E918E542480017672E /* EUCImageDisplayViewController.xib in Resources */,
			);
			runOnlyForDeploymentPostprocessing = 0;
		};
		B4D1EC4618BD729300E01EFE /* Resources */ = {
			isa = PBXResourcesBuildPhase;
			buildActionMask = 2147483647;
			files = (
				B4D1EC5418BD729300E01EFE /* InfoPlist.strings in Resources */,
			);
			runOnlyForDeploymentPostprocessing = 0;
		};
/* End PBXResourcesBuildPhase section */

/* Begin PBXShellScriptBuildPhase section */
		34626F0EF4E344728D2E8176 /* Copy Pods Resources */ = {
			isa = PBXShellScriptBuildPhase;
			buildActionMask = 2147483647;
			files = (
			);
			inputPaths = (
			);
			name = "Copy Pods Resources";
			outputPaths = (
			);
			runOnlyForDeploymentPostprocessing = 0;
			shellPath = /bin/sh;
			shellScript = "\"${SRCROOT}/Pods/Pods-resources.sh\"\n";
			showEnvVarsInLog = 0;
		};
		F0FA585A028947C28F010ADB /* Check Pods Manifest.lock */ = {
			isa = PBXShellScriptBuildPhase;
			buildActionMask = 2147483647;
			files = (
			);
			inputPaths = (
			);
			name = "Check Pods Manifest.lock";
			outputPaths = (
			);
			runOnlyForDeploymentPostprocessing = 0;
			shellPath = /bin/sh;
			shellScript = "diff \"${PODS_ROOT}/../Podfile.lock\" \"${PODS_ROOT}/Manifest.lock\" > /dev/null\nif [[ $? != 0 ]] ; then\n    cat << EOM\nerror: The sandbox is not in sync with the Podfile.lock. Run 'pod install' or update your CocoaPods installation.\nEOM\n    exit 1\nfi\n";
			showEnvVarsInLog = 0;
		};
/* End PBXShellScriptBuildPhase section */

/* Begin PBXSourcesBuildPhase section */
		B4D1EC2918BD729300E01EFE /* Sources */ = {
			isa = PBXSourcesBuildPhase;
			buildActionMask = 2147483647;
			files = (
				B4E6BE9F18E23BA500AC9D84 /* EUCUserViewController.m in Sources */,
				7080F7BE18F743210087A66F /* TimelineView.m in Sources */,
				B43658D518E4B95F0017672E /* EUCImage.m in Sources */,
				B4E6BE8918E0729900AC9D84 /* EUCDeploymentDetailViewController.m in Sources */,
				B4E6BD6818DDC33C00AC9D84 /* EUCFilterViewController.m in Sources */,
				B4E6BD5718DDBB5600AC9D84 /* EUCFileSystem.m in Sources */,
				B4E6BE3F18DE9EBC00AC9D84 /* UIImage+ImageEffects.m in Sources */,
				B4E6BE4318DEA37C00AC9D84 /* EUCSelectViewController.m in Sources */,
				B43658EE18F18BF10017672E /* NSString+EUCStringExtensions.m in Sources */,
				B4E6BE7418DFC51300AC9D84 /* EUCDeploymentCell.m in Sources */,
				B4E6BE1818DE008000AC9D84 /* EUCKnapsackViewController.m in Sources */,
				B4E6BE3018DE44B900AC9D84 /* EUCImportCell.m in Sources */,
				B4E6BE2A18DE3EE200AC9D84 /* EUCSettingsViewController.m in Sources */,
				B4E6BE4718DEA5BB00AC9D84 /* EUCSelectCell.m in Sources */,
				B4D1EC4118BD729300E01EFE /* EUCAppDelegate.m in Sources */,
				7080F7E118F747620087A66F /* EUCNotesViewController.m in Sources */,
				B4E6BEA418E23D8200AC9D84 /* EUCConnectingViewController.m in Sources */,
				702ACBC218F756760001C9D7 /* EUCCloudViewController.m in Sources */,
				7080F7BB18F743210087A66F /* TagView.m in Sources */,
				B4D1EC3D18BD729300E01EFE /* main.m in Sources */,
				B4E6BD5A18DDC26000AC9D84 /* EUCHomeViewController.m in Sources */,
				7080F7BC18F743210087A66F /* TimelineItemSubView.m in Sources */,
				B4E6BE8218DFD47700AC9D84 /* EUCDeploymentMasterViewController.m in Sources */,
				B4E6BE0B18DDFD3400AC9D84 /* EUCUploadViewController.m in Sources */,
				7080F7DC18F746F60087A66F /* PopoverTagContentViewController.m in Sources */,
				B43658E418E5356B0017672E /* EUCDeploymentImage.m in Sources */,
				B43658DB18E4E4200017672E /* EUCDeploymentImageCell.m in Sources */,
				B4E6BE6118DFB77B00AC9D84 /* EUCNetwork.m in Sources */,
				B4E6BE7818DFD0DD00AC9D84 /* EUCDeploymentSplitViewController.m in Sources */,
				7080F7B718F743210087A66F /* EUCLabelViewController.m in Sources */,
				B4116D9918F3A01400AAA7AC /* EUCTabBarViewControllerDelegate.m in Sources */,
				B4F6930F18F75872000C7AD0 /* EUCSelectedSet.m in Sources */,
				7080F7DA18F746F60087A66F /* PopoverErrorContentViewController.m in Sources */,
				7080F7B918F743210087A66F /* PhotoTag.m in Sources */,
				7080F7BA18F743210087A66F /* TagList.m in Sources */,
				B4E6BD7518DDC39300AC9D84 /* EUCAnalyzeViewController.m in Sources */,
				B43658E818E542480017672E /* EUCImageDisplayViewController.m in Sources */,
				B43658F718F1B9000017672E /* EUCDatePickerViewController.m in Sources */,
				B43658D818E4B9A30017672E /* EUCBurst.m in Sources */,
				B4E6BD6318DDC30C00AC9D84 /* EUCImportViewController.m in Sources */,
				B43658E018E5213F0017672E /* EUCImageUtilities.m in Sources */,
				B4E6BE5D18DF9F9800AC9D84 /* EUCDatabase.m in Sources */,
			);
			runOnlyForDeploymentPostprocessing = 0;
		};
		B4D1EC4418BD729300E01EFE /* Sources */ = {
			isa = PBXSourcesBuildPhase;
			buildActionMask = 2147483647;
			files = (
				B4D1EC5618BD729300E01EFE /* TrapEaseTests.m in Sources */,
			);
			runOnlyForDeploymentPostprocessing = 0;
		};
/* End PBXSourcesBuildPhase section */

/* Begin PBXTargetDependency section */
		B4D1EC4E18BD729300E01EFE /* PBXTargetDependency */ = {
			isa = PBXTargetDependency;
			target = B4D1EC2C18BD729300E01EFE /* PhotoMat */;
			targetProxy = B4D1EC4D18BD729300E01EFE /* PBXContainerItemProxy */;
		};
/* End PBXTargetDependency section */

/* Begin PBXVariantGroup section */
		B4D1EC3918BD729300E01EFE /* InfoPlist.strings */ = {
			isa = PBXVariantGroup;
			children = (
				B4D1EC3A18BD729300E01EFE /* en */,
			);
			name = InfoPlist.strings;
			sourceTree = "<group>";
		};
		B4D1EC5218BD729300E01EFE /* InfoPlist.strings */ = {
			isa = PBXVariantGroup;
			children = (
				B4D1EC5318BD729300E01EFE /* en */,
			);
			name = InfoPlist.strings;
			sourceTree = "<group>";
		};
/* End PBXVariantGroup section */

/* Begin XCBuildConfiguration section */
		B4D1EC5718BD729300E01EFE /* Debug */ = {
			isa = XCBuildConfiguration;
			buildSettings = {
				ALWAYS_SEARCH_USER_PATHS = NO;
				CLANG_CXX_LANGUAGE_STANDARD = "gnu++0x";
				CLANG_CXX_LIBRARY = "libc++";
				CLANG_ENABLE_MODULES = YES;
				CLANG_ENABLE_OBJC_ARC = YES;
				CLANG_WARN_BOOL_CONVERSION = YES;
				CLANG_WARN_CONSTANT_CONVERSION = YES;
				CLANG_WARN_DIRECT_OBJC_ISA_USAGE = YES_ERROR;
				CLANG_WARN_EMPTY_BODY = YES;
				CLANG_WARN_ENUM_CONVERSION = YES;
				CLANG_WARN_INT_CONVERSION = YES;
				CLANG_WARN_OBJC_ROOT_CLASS = YES_ERROR;
				CLANG_WARN__DUPLICATE_METHOD_MATCH = YES;
				"CODE_SIGN_IDENTITY[sdk=iphoneos*]" = "iPhone Developer";
				COPY_PHASE_STRIP = NO;
				GCC_C_LANGUAGE_STANDARD = gnu99;
				GCC_DYNAMIC_NO_PIC = NO;
				GCC_OPTIMIZATION_LEVEL = 0;
				GCC_PREPROCESSOR_DEFINITIONS = (
					"DEBUG=1",
					"$(inherited)",
				);
				GCC_SYMBOLS_PRIVATE_EXTERN = NO;
				GCC_WARN_64_TO_32_BIT_CONVERSION = YES;
				GCC_WARN_ABOUT_RETURN_TYPE = YES_ERROR;
				GCC_WARN_UNDECLARED_SELECTOR = YES;
				GCC_WARN_UNINITIALIZED_AUTOS = YES;
				GCC_WARN_UNUSED_FUNCTION = YES;
				GCC_WARN_UNUSED_VARIABLE = YES;
				IPHONEOS_DEPLOYMENT_TARGET = 7.0;
				ONLY_ACTIVE_ARCH = YES;
				SDKROOT = iphoneos;
				TARGETED_DEVICE_FAMILY = 2;
			};
			name = Debug;
		};
		B4D1EC5818BD729300E01EFE /* Release */ = {
			isa = XCBuildConfiguration;
			buildSettings = {
				ALWAYS_SEARCH_USER_PATHS = NO;
				CLANG_CXX_LANGUAGE_STANDARD = "gnu++0x";
				CLANG_CXX_LIBRARY = "libc++";
				CLANG_ENABLE_MODULES = YES;
				CLANG_ENABLE_OBJC_ARC = YES;
				CLANG_WARN_BOOL_CONVERSION = YES;
				CLANG_WARN_CONSTANT_CONVERSION = YES;
				CLANG_WARN_DIRECT_OBJC_ISA_USAGE = YES_ERROR;
				CLANG_WARN_EMPTY_BODY = YES;
				CLANG_WARN_ENUM_CONVERSION = YES;
				CLANG_WARN_INT_CONVERSION = YES;
				CLANG_WARN_OBJC_ROOT_CLASS = YES_ERROR;
				CLANG_WARN__DUPLICATE_METHOD_MATCH = YES;
				"CODE_SIGN_IDENTITY[sdk=iphoneos*]" = "iPhone Developer";
				COPY_PHASE_STRIP = YES;
				ENABLE_NS_ASSERTIONS = NO;
				GCC_C_LANGUAGE_STANDARD = gnu99;
				GCC_WARN_64_TO_32_BIT_CONVERSION = YES;
				GCC_WARN_ABOUT_RETURN_TYPE = YES_ERROR;
				GCC_WARN_UNDECLARED_SELECTOR = YES;
				GCC_WARN_UNINITIALIZED_AUTOS = YES;
				GCC_WARN_UNUSED_FUNCTION = YES;
				GCC_WARN_UNUSED_VARIABLE = YES;
				IPHONEOS_DEPLOYMENT_TARGET = 7.0;
				SDKROOT = iphoneos;
				TARGETED_DEVICE_FAMILY = 2;
				VALIDATE_PRODUCT = YES;
			};
			name = Release;
		};
		B4D1EC5A18BD729300E01EFE /* Debug */ = {
			isa = XCBuildConfiguration;
			baseConfigurationReference = 30CB9A6B881342BDB4DEA63F /* Pods.xcconfig */;
			buildSettings = {
				ASSETCATALOG_COMPILER_APPICON_NAME = AppIcon;
				ASSETCATALOG_COMPILER_LAUNCHIMAGE_NAME = LaunchImage;
				CODE_SIGN_IDENTITY = "iPhone Developer: Ayesha Ansari (GSN6YH3F5B)";
				"CODE_SIGN_IDENTITY[sdk=iphoneos*]" = "iPhone Developer: Ayesha Ansari (GSN6YH3F5B)";
				GCC_PRECOMPILE_PREFIX_HEADER = YES;
				GCC_PREFIX_HEADER = "TrapEase/PhotoMat-Prefix.pch";
				INFOPLIST_FILE = "TrapEase/PhotoMat-Info.plist";
				PRODUCT_NAME = PhotoMat;
				PROVISIONING_PROFILE = "E71CD2D3-270E-4786-8B67-502FD168DA45";
				USER_HEADER_SEARCH_PATHS = "\"${PROJECT_DIR}/Pods\"/**";
				WRAPPER_EXTENSION = app;
			};
			name = Debug;
		};
		B4D1EC5B18BD729300E01EFE /* Release */ = {
			isa = XCBuildConfiguration;
			baseConfigurationReference = 30CB9A6B881342BDB4DEA63F /* Pods.xcconfig */;
			buildSettings = {
				ASSETCATALOG_COMPILER_APPICON_NAME = AppIcon;
				ASSETCATALOG_COMPILER_LAUNCHIMAGE_NAME = LaunchImage;
				CODE_SIGN_IDENTITY = "iPhone Developer: Ayesha Ansari (GSN6YH3F5B)";
				"CODE_SIGN_IDENTITY[sdk=iphoneos*]" = "iPhone Developer: Ayesha Ansari (GSN6YH3F5B)";
				GCC_PRECOMPILE_PREFIX_HEADER = YES;
				GCC_PREFIX_HEADER = "TrapEase/PhotoMat-Prefix.pch";
				INFOPLIST_FILE = "TrapEase/PhotoMat-Info.plist";
				PRODUCT_NAME = PhotoMat;
				PROVISIONING_PROFILE = "E71CD2D3-270E-4786-8B67-502FD168DA45";
				USER_HEADER_SEARCH_PATHS = "\"${PROJECT_DIR}/Pods\"/**";
				WRAPPER_EXTENSION = app;
			};
			name = Release;
		};
		B4D1EC5D18BD729300E01EFE /* Debug */ = {
			isa = XCBuildConfiguration;
			buildSettings = {
				BUNDLE_LOADER = "$(BUILT_PRODUCTS_DIR)/TrapEase.app/TrapEase";
				FRAMEWORK_SEARCH_PATHS = (
					"$(SDKROOT)/Developer/Library/Frameworks",
					"$(inherited)",
					"$(DEVELOPER_FRAMEWORKS_DIR)",
				);
				GCC_PRECOMPILE_PREFIX_HEADER = YES;
				GCC_PREFIX_HEADER = "TrapEase/TrapEase-Prefix.pch";
				GCC_PREPROCESSOR_DEFINITIONS = (
					"DEBUG=1",
					"$(inherited)",
				);
				INFOPLIST_FILE = "TrapEaseTests/PhotoMatTests-Info.plist";
				PRODUCT_NAME = PhotoMatTests;
				TEST_HOST = "$(BUNDLE_LOADER)";
				WRAPPER_EXTENSION = xctest;
			};
			name = Debug;
		};
		B4D1EC5E18BD729300E01EFE /* Release */ = {
			isa = XCBuildConfiguration;
			buildSettings = {
				BUNDLE_LOADER = "$(BUILT_PRODUCTS_DIR)/TrapEase.app/TrapEase";
				FRAMEWORK_SEARCH_PATHS = (
					"$(SDKROOT)/Developer/Library/Frameworks",
					"$(inherited)",
					"$(DEVELOPER_FRAMEWORKS_DIR)",
				);
				GCC_PRECOMPILE_PREFIX_HEADER = YES;
				GCC_PREFIX_HEADER = "TrapEase/TrapEase-Prefix.pch";
				INFOPLIST_FILE = "TrapEaseTests/PhotoMatTests-Info.plist";
				PRODUCT_NAME = PhotoMatTests;
				TEST_HOST = "$(BUNDLE_LOADER)";
				WRAPPER_EXTENSION = xctest;
			};
			name = Release;
		};
/* End XCBuildConfiguration section */

/* Begin XCConfigurationList section */
		B4D1EC2818BD729300E01EFE /* Build configuration list for PBXProject "PhotoMat" */ = {
			isa = XCConfigurationList;
			buildConfigurations = (
				B4D1EC5718BD729300E01EFE /* Debug */,
				B4D1EC5818BD729300E01EFE /* Release */,
			);
			defaultConfigurationIsVisible = 0;
			defaultConfigurationName = Release;
		};
		B4D1EC5918BD729300E01EFE /* Build configuration list for PBXNativeTarget "PhotoMat" */ = {
			isa = XCConfigurationList;
			buildConfigurations = (
				B4D1EC5A18BD729300E01EFE /* Debug */,
				B4D1EC5B18BD729300E01EFE /* Release */,
			);
			defaultConfigurationIsVisible = 0;
			defaultConfigurationName = Release;
		};
		B4D1EC5C18BD729300E01EFE /* Build configuration list for PBXNativeTarget "PhotoMatTests" */ = {
			isa = XCConfigurationList;
			buildConfigurations = (
				B4D1EC5D18BD729300E01EFE /* Debug */,
				B4D1EC5E18BD729300E01EFE /* Release */,
			);
			defaultConfigurationIsVisible = 0;
			defaultConfigurationName = Release;
		};
/* End XCConfigurationList section */
	};
	rootObject = B4D1EC2518BD729300E01EFE /* Project object */;
}
